{
  "version": 4,
  "terraform_version": "1.1.7",
  "serial": 1002,
  "lineage": "cc0ccf5f-1c70-50d0-dc02-0fd0e4fa130c",
  "outputs": {
    "AppInstanceSecurityGroup": {
      "value": "sg-0f4fa9e66eb1d3f85",
      "type": "string"
    },
    "AppSubnet1": {
      "value": "subnet-010b39a03b012759b",
      "type": "string"
    },
    "AppSubnet2": {
      "value": "subnet-0b985b9cf17944477",
      "type": "string"
    },
    "Cache-configuration-endpoint": {
      "value": "dev-casestudycache.cmccov.cfg.use1.cache.amazonaws.com:11211",
      "type": "string"
    },
    "ClusterName": {
      "value": "CasestudyDB",
      "type": "string"
    },
    "DatabaseSubnet1": {
      "value": "subnet-005918e60efa35f2b",
      "type": "string"
    },
    "DatabaseSubnet2": {
      "value": "subnet-033c83569ac7b7d46",
      "type": "string"
    },
    "Database_Name": {
      "value": "CasestudyDB",
      "type": "string"
    },
    "Database_Password": {
      "value": "admin123",
      "type": "string",
      "sensitive": true
    },
    "Database_Username": {
      "value": "admin",
      "type": "string",
      "sensitive": true
    },
    "EFSFilesystemID": {
      "value": "fs-0e8dceb89c22171d9",
      "type": "string"
    },
    "EFSMountTargetSecurityGroup": {
      "value": "sg-0a09e04817e377184",
      "type": "string"
    },
    "ElastiCacheSecurityGroup": {
      "value": "sg-0410612c6cfafb32d",
      "type": "string"
    },
    "ElasticacheSubnetGroup": {
      "value": "dev-elasticachesubnetgroup",
      "type": "string"
    },
    "PublicSubnet1": {
      "value": "subnet-0d11eac69682d008c",
      "type": "string"
    },
    "PublicSubnet2": {
      "value": "subnet-0aac78c20a0416d3d",
      "type": "string"
    },
    "RDSSecurityGroup": {
      "value": "sg-0d198bc23f05d37e1",
      "type": "string"
    },
    "RDSSubnetGroup": {
      "value": "dev-aurorasubnetgroup",
      "type": "string"
    },
    "VPCID": {
      "value": "vpc-0190904dec2aa5a66",
      "type": "string"
    },
    "reader-cluster-endpoint": {
      "value": "dev-casestudydatabase.cluster-ro-cdiwvzsx3up3.us-east-1.rds.amazonaws.com",
      "type": "string"
    },
    "writer-cluster-endpoint": {
      "value": "dev-casestudydatabase.cluster-cdiwvzsx3up3.us-east-1.rds.amazonaws.com",
      "type": "string"
    }
  },
  "resources": [
    {
      "module": "module.casestudy_compute",
      "mode": "data",
      "type": "template_file",
      "name": "userdata",
      "provider": "provider[\"registry.terraform.io/hashicorp/template\"]",
      "instances": [
        {
          "schema_version": 0,
          "attributes": {
            "filename": null,
            "id": "1906ad83ae87ab20354ca3b382703842457feb7be9265a60537ea86a505c3608",
            "rendered": "#!/bin/bash -xe\nDB_NAME=CasestudyDB\nDB_HOSTNAME=dev-casestudydatabase.cluster-cdiwvzsx3up3.us-east-1.rds.amazonaws.com\nDB_USERNAME=admin\nDB_PASSWORD=admin123\nWP_ADMIN=admin\nWP_PASSWORD=Password\nWP_EMAIL=xyz@hotmail.fr\nLB_HOSTNAME=WPLoadBalancer-1447787746.us-east-1.elb.amazonaws.com\nEFS_ID=fs-0e8dceb89c22171d9\nyum update -y\nyum install -y amazon-linux-extras\nyum install -y awslogs httpd mysql gcc-c++\namazon-linux-extras enable php7.4\nyum clean metadata\nyum install -y php php-{pear,cgi,common,curl,mbstring,gd,mysqlnd,gettext,bcmath,json,xml,fpm,intl,zip,imap,devel,opcache}\nsystemctl enable nfs-server.service\nsystemctl start nfs-server.service\nmkdir -p /var/www/wordpress\nmount -t nfs4 -o nfsvers=4.1,rsize=1048576,wsize=1048576,hard,timeo=600,retrans=2 \"$EFS_ID\".efs.us-east-1.amazonaws.com:/ /var/www/wordpress\n\n## create site config\ncat \u003c\u003cEOF \u003e/etc/httpd/conf.d/wordpress.conf\nServerName 127.0.0.1:80\nDocumentRoot /var/www/wordpress\n\u003cDirectory /var/www/wordpress\u003e\nOptions Indexes FollowSymLinks\nAllowOverride All\nRequire all granted\n\u003c/Directory\u003e\nEOF\n\n## install cache client\npecl install igbinary\nwget -P /tmp/ https://elasticache-downloads.s3.amazonaws.com/ClusterClient/PHP-7.4/latest-64bit-X86\ncd /tmp\ntar -zxvf latest-64bit-X86\ncp '/tmp/amazon-elasticache-cluster-client.so' /usr/lib64/php/modules/\nif [ ! -f /etc/php.d/50-memcached.ini ]; then\n    touch /etc/php.d/50-memcached.ini\nfi\necho 'extension=igbinary.so;' \u003e\u003e /etc/php.d/50-memcached.ini\necho 'extension=/usr/lib64/php/modules/amazon-elasticache-cluster-client.so;' \u003e\u003e /etc/php.d/50-memcached.ini\n\n## install WordPress and WP CLI\ncurl -o /bin/wp https://raw.githubusercontent.com/wp-cli/builds/gh-pages/phar/wp-cli.phar\nchmod +x /bin/wp\nwget -P /tmp/ https://wordpress.org/latest.tar.gz\ntar -vxzf latest.tar.gz -C /var/www/\ncp /var/www/wordpress/wp-config-sample.php /var/www/wordpress/wp-config.php\ncd /var/www/wordpress/\nsed -i 's/database_name_here/'\"$DB_NAME\"'/' wp-config.php\nsed -i 's/username_here/'\"$DB_USERNAME\"'/' wp-config.php\nsed -i 's/password_here/'\"$DB_PASSWORD\"'/' wp-config.php\nsed -i 's/localhost/'\"$DB_HOSTNAME\"'/' wp-config.php\n\n# install WordPress if not installed\n# use public alb host name if wp domain name was empty\nif ! $(wp core is-installed --allow-root); then\n    wp core install --url=\"http://$LB_HOSTNAME\" --title='Wordpress on AWS' --admin_user=\"$WP_ADMIN\" --admin_password=\"$WP_PASSWORD\" --admin_email=\"$WP_EMAIL\" --allow-root\n    wp plugin install w3-total-cache --allow-root\n    chown -R apache:apache /var/www/wordpress\n    chmod u+wrx /var/www/wordpress/wp-content/*\n    if [ ! -f /var/www/wordpress/opcache-instanceid.php ]; then\n    wget -P /var/www/wordpress/ https://s3.amazonaws.com/aws-refarch/wordpress/latest/bits/opcache-instanceid.php\n    fi\nfi\nRESULT=$?\necho $RESULT\nif [ $RESULT -eq 0 ]; then\n    touch /var/www/wordpress/wordpress.initialized\nelse\n    touch /var/www/wordpress/wordpress.failed\nfi\n\n## install opcache\n# create hidden opcache directory locally \u0026 change owner to apache\n\nmkdir -p /var/www/.opcache\n# enable opcache in /etc/php-7.0.d/10-opcache.ini\nsed -i 's/;opcache.file_cache=.*/opcache.file_cache=\\/var\\/www\\/.opcache/' /etc/php.d/10-opcache.ini\nsed -i 's/opcache.memory_consumption=.*/opcache.memory_consumption=512/' /etc/php.d/10-opcache.ini\n# download opcache-instance.php to verify opcache status\nif [ ! -f /var/www/wordpress/opcache-instanceid.php ]; then\n    wget -P /var/www/wordpress/ https://s3.amazonaws.com/aws-refarch/wordpress/latest/bits/opcache-instanceid.php\nfi\n\n#\n# This script configures WordPress file permissions based on recommendations\n# from http://codex.wordpress.org/Hardening_WordPress#File_permissions\n#\n# execute it with the following command:\n# bash set-wordpress-permissions.sh /var/www/\u003csite_folder\u003e\n#\nOWNER=apache # \u003c-- wordpress owner\nGROUP=apache # \u003c-- wordpress group\nROOT='/var/www/wordpress' # \u003c-- wordpress root directory\n \n# reset to safe defaults\nfind \"$ROOT\" -exec chown \"$OWNER\":\"$GROUP\" {} \\;\nfind \"$ROOT\" -type d -exec chmod 755 {} \\;\nfind \"$ROOT\" -type f -exec chmod 644 {} \\;\n \n# allow wordpress to manage wp-config.php (but prevent world access)\nchgrp \"$GROUP\" \"$ROOT\"/wp-config.php\nchmod 660 \"$ROOT\"/wp-config.php\n \n# allow wordpress to manage wp-content\nfind \"$ROOT\"/wp-content -exec chgrp \"$GROUP\" {} \\;\nfind \"$ROOT\"/wp-content -type d -exec chmod 775 {} \\;\nfind \"$ROOT\"/wp-content -type f -exec chmod 664 {} \\;\n\nchkconfig httpd on\nservice httpd start",
            "template": "#!/bin/bash -xe\nDB_NAME=${DB_NAME}\nDB_HOSTNAME=${DB_HOSTNAME}\nDB_USERNAME=${DB_USERNAME}\nDB_PASSWORD=${DB_PASSWORD}\nWP_ADMIN=${WP_ADMIN}\nWP_PASSWORD=${WP_PASSWORD}\nWP_EMAIL=${WP_EMAIL}\nLB_HOSTNAME=${LB_HOSTNAME}\nEFS_ID=${EFS_ID}\nyum update -y\nyum install -y amazon-linux-extras\nyum install -y awslogs httpd mysql gcc-c++\namazon-linux-extras enable php7.4\nyum clean metadata\nyum install -y php php-{pear,cgi,common,curl,mbstring,gd,mysqlnd,gettext,bcmath,json,xml,fpm,intl,zip,imap,devel,opcache}\nsystemctl enable nfs-server.service\nsystemctl start nfs-server.service\nmkdir -p /var/www/wordpress\nmount -t nfs4 -o nfsvers=4.1,rsize=1048576,wsize=1048576,hard,timeo=600,retrans=2 \"$EFS_ID\".efs.us-east-1.amazonaws.com:/ /var/www/wordpress\n\n## create site config\ncat \u003c\u003cEOF \u003e/etc/httpd/conf.d/wordpress.conf\nServerName 127.0.0.1:80\nDocumentRoot /var/www/wordpress\n\u003cDirectory /var/www/wordpress\u003e\nOptions Indexes FollowSymLinks\nAllowOverride All\nRequire all granted\n\u003c/Directory\u003e\nEOF\n\n## install cache client\npecl install igbinary\nwget -P /tmp/ https://elasticache-downloads.s3.amazonaws.com/ClusterClient/PHP-7.4/latest-64bit-X86\ncd /tmp\ntar -zxvf latest-64bit-X86\ncp '/tmp/amazon-elasticache-cluster-client.so' /usr/lib64/php/modules/\nif [ ! -f /etc/php.d/50-memcached.ini ]; then\n    touch /etc/php.d/50-memcached.ini\nfi\necho 'extension=igbinary.so;' \u003e\u003e /etc/php.d/50-memcached.ini\necho 'extension=/usr/lib64/php/modules/amazon-elasticache-cluster-client.so;' \u003e\u003e /etc/php.d/50-memcached.ini\n\n## install WordPress and WP CLI\ncurl -o /bin/wp https://raw.githubusercontent.com/wp-cli/builds/gh-pages/phar/wp-cli.phar\nchmod +x /bin/wp\nwget -P /tmp/ https://wordpress.org/latest.tar.gz\ntar -vxzf latest.tar.gz -C /var/www/\ncp /var/www/wordpress/wp-config-sample.php /var/www/wordpress/wp-config.php\ncd /var/www/wordpress/\nsed -i 's/database_name_here/'\"$DB_NAME\"'/' wp-config.php\nsed -i 's/username_here/'\"$DB_USERNAME\"'/' wp-config.php\nsed -i 's/password_here/'\"$DB_PASSWORD\"'/' wp-config.php\nsed -i 's/localhost/'\"$DB_HOSTNAME\"'/' wp-config.php\n\n# install WordPress if not installed\n# use public alb host name if wp domain name was empty\nif ! $(wp core is-installed --allow-root); then\n    wp core install --url=\"http://$LB_HOSTNAME\" --title='Wordpress on AWS' --admin_user=\"$WP_ADMIN\" --admin_password=\"$WP_PASSWORD\" --admin_email=\"$WP_EMAIL\" --allow-root\n    wp plugin install w3-total-cache --allow-root\n    chown -R apache:apache /var/www/wordpress\n    chmod u+wrx /var/www/wordpress/wp-content/*\n    if [ ! -f /var/www/wordpress/opcache-instanceid.php ]; then\n    wget -P /var/www/wordpress/ https://s3.amazonaws.com/aws-refarch/wordpress/latest/bits/opcache-instanceid.php\n    fi\nfi\nRESULT=$?\necho $RESULT\nif [ $RESULT -eq 0 ]; then\n    touch /var/www/wordpress/wordpress.initialized\nelse\n    touch /var/www/wordpress/wordpress.failed\nfi\n\n## install opcache\n# create hidden opcache directory locally \u0026 change owner to apache\n\nmkdir -p /var/www/.opcache\n# enable opcache in /etc/php-7.0.d/10-opcache.ini\nsed -i 's/;opcache.file_cache=.*/opcache.file_cache=\\/var\\/www\\/.opcache/' /etc/php.d/10-opcache.ini\nsed -i 's/opcache.memory_consumption=.*/opcache.memory_consumption=512/' /etc/php.d/10-opcache.ini\n# download opcache-instance.php to verify opcache status\nif [ ! -f /var/www/wordpress/opcache-instanceid.php ]; then\n    wget -P /var/www/wordpress/ https://s3.amazonaws.com/aws-refarch/wordpress/latest/bits/opcache-instanceid.php\nfi\n\n#\n# This script configures WordPress file permissions based on recommendations\n# from http://codex.wordpress.org/Hardening_WordPress#File_permissions\n#\n# execute it with the following command:\n# bash set-wordpress-permissions.sh /var/www/\u003csite_folder\u003e\n#\nOWNER=apache # \u003c-- wordpress owner\nGROUP=apache # \u003c-- wordpress group\nROOT='/var/www/wordpress' # \u003c-- wordpress root directory\n \n# reset to safe defaults\nfind \"$ROOT\" -exec chown \"$OWNER\":\"$GROUP\" {} \\;\nfind \"$ROOT\" -type d -exec chmod 755 {} \\;\nfind \"$ROOT\" -type f -exec chmod 644 {} \\;\n \n# allow wordpress to manage wp-config.php (but prevent world access)\nchgrp \"$GROUP\" \"$ROOT\"/wp-config.php\nchmod 660 \"$ROOT\"/wp-config.php\n \n# allow wordpress to manage wp-content\nfind \"$ROOT\"/wp-content -exec chgrp \"$GROUP\" {} \\;\nfind \"$ROOT\"/wp-content -type d -exec chmod 775 {} \\;\nfind \"$ROOT\"/wp-content -type f -exec chmod 664 {} \\;\n\nchkconfig httpd on\nservice httpd start",
            "vars": {
              "DB_HOSTNAME": "dev-casestudydatabase.cluster-cdiwvzsx3up3.us-east-1.rds.amazonaws.com",
              "DB_NAME": "CasestudyDB",
              "DB_PASSWORD": "admin123",
              "DB_USERNAME": "admin",
              "EFS_ID": "fs-0e8dceb89c22171d9",
              "LB_HOSTNAME": "WPLoadBalancer-1447787746.us-east-1.elb.amazonaws.com",
              "WP_ADMIN": "admin",
              "WP_EMAIL": "xyz@hotmail.fr",
              "WP_PASSWORD": "Password"
            }
          },
          "sensitive_attributes": [
            [
              {
                "type": "get_attr",
                "value": "vars"
              },
              {
                "type": "index",
                "value": {
                  "value": "DB_PASSWORD",
                  "type": "string"
                }
              }
            ]
          ]
        }
      ]
    },
    {
      "module": "module.casestudy_compute",
      "mode": "managed",
      "type": "aws_alb",
      "name": "alb",
      "provider": "provider[\"registry.terraform.io/hashicorp/aws\"]",
      "instances": [
        {
          "schema_version": 0,
          "attributes": {
            "access_logs": [
              {
                "bucket": "",
                "enabled": false,
                "prefix": ""
              }
            ],
            "arn": "arn:aws:elasticloadbalancing:us-east-1:165261241687:loadbalancer/app/WPLoadBalancer/37eb17b4c16f1209",
            "arn_suffix": "app/WPLoadBalancer/37eb17b4c16f1209",
            "customer_owned_ipv4_pool": "",
            "desync_mitigation_mode": "defensive",
            "dns_name": "WPLoadBalancer-1447787746.us-east-1.elb.amazonaws.com",
            "drop_invalid_header_fields": false,
            "enable_cross_zone_load_balancing": null,
            "enable_deletion_protection": false,
            "enable_http2": true,
            "enable_waf_fail_open": false,
            "id": "arn:aws:elasticloadbalancing:us-east-1:165261241687:loadbalancer/app/WPLoadBalancer/37eb17b4c16f1209",
            "idle_timeout": 60,
            "internal": false,
            "ip_address_type": "ipv4",
            "load_balancer_type": "application",
            "name": "WPLoadBalancer",
            "name_prefix": null,
            "security_groups": [
              "sg-0d524e0c8f023fbc1",
              "sg-0f4fa9e66eb1d3f85"
            ],
            "subnet_mapping": [
              {
                "allocation_id": "",
                "ipv6_address": "",
                "outpost_id": "",
                "private_ipv4_address": "",
                "subnet_id": "subnet-0aac78c20a0416d3d"
              },
              {
                "allocation_id": "",
                "ipv6_address": "",
                "outpost_id": "",
                "private_ipv4_address": "",
                "subnet_id": "subnet-0d11eac69682d008c"
              }
            ],
            "subnets": [
              "subnet-0aac78c20a0416d3d",
              "subnet-0d11eac69682d008c"
            ],
            "tags": {
              "Name": "dev-Casestudy-ALB"
            },
            "tags_all": {
              "Name": "dev-Casestudy-ALB"
            },
            "timeouts": null,
            "vpc_id": "vpc-0190904dec2aa5a66",
            "zone_id": "Z35SXDOTRQ7X7K"
          },
          "sensitive_attributes": [],
          "private": "eyJlMmJmYjczMC1lY2FhLTExZTYtOGY4OC0zNDM2M2JjN2M0YzAiOnsiY3JlYXRlIjo2MDAwMDAwMDAwMDAsImRlbGV0ZSI6NjAwMDAwMDAwMDAwLCJ1cGRhdGUiOjYwMDAwMDAwMDAwMH19",
          "dependencies": [
            "module.casestudy_compute.aws_security_group.alb",
            "module.casetsudy_vpc.aws_security_group.AppInstanceSecurityGroup",
            "module.casetsudy_vpc.aws_subnet.PublicSubnet1",
            "module.casetsudy_vpc.aws_subnet.PublicSubnet2",
            "module.casetsudy_vpc.aws_vpc.CaseStudyVPC",
            "module.casetsudy_vpc.data.aws_availability_zones.available-AZs"
          ],
          "create_before_destroy": true
        }
      ]
    },
    {
      "module": "module.casestudy_compute",
      "mode": "managed",
      "type": "aws_alb_listener",
      "name": "listener_http",
      "provider": "provider[\"registry.terraform.io/hashicorp/aws\"]",
      "instances": [
        {
          "schema_version": 0,
          "attributes": {
            "alpn_policy": null,
            "arn": "arn:aws:elasticloadbalancing:us-east-1:165261241687:listener/app/WPLoadBalancer/37eb17b4c16f1209/28707eac2e79260d",
            "certificate_arn": null,
            "default_action": [
              {
                "authenticate_cognito": [],
                "authenticate_oidc": [],
                "fixed_response": [],
                "forward": [],
                "order": 1,
                "redirect": [],
                "target_group_arn": "arn:aws:elasticloadbalancing:us-east-1:165261241687:targetgroup/terraform-example-alb-target/532843c0164d3a70",
                "type": "forward"
              }
            ],
            "id": "arn:aws:elasticloadbalancing:us-east-1:165261241687:listener/app/WPLoadBalancer/37eb17b4c16f1209/28707eac2e79260d",
            "load_balancer_arn": "arn:aws:elasticloadbalancing:us-east-1:165261241687:loadbalancer/app/WPLoadBalancer/37eb17b4c16f1209",
            "port": 80,
            "protocol": "HTTP",
            "ssl_policy": "",
            "tags": null,
            "tags_all": {},
            "timeouts": null
          },
          "sensitive_attributes": [],
          "private": "eyJlMmJmYjczMC1lY2FhLTExZTYtOGY4OC0zNDM2M2JjN2M0YzAiOnsicmVhZCI6NjAwMDAwMDAwMDAwfX0=",
          "dependencies": [
            "module.casestudy_compute.aws_alb.alb",
            "module.casestudy_compute.aws_alb_target_group.group",
            "module.casestudy_compute.aws_security_group.alb",
            "module.casetsudy_vpc.aws_security_group.AppInstanceSecurityGroup",
            "module.casetsudy_vpc.aws_subnet.PublicSubnet1",
            "module.casetsudy_vpc.aws_subnet.PublicSubnet2",
            "module.casetsudy_vpc.aws_vpc.CaseStudyVPC",
            "module.casetsudy_vpc.data.aws_availability_zones.available-AZs"
          ]
        }
      ]
    },
    {
      "module": "module.casestudy_compute",
      "mode": "managed",
      "type": "aws_alb_target_group",
      "name": "group",
      "provider": "provider[\"registry.terraform.io/hashicorp/aws\"]",
      "instances": [
        {
          "schema_version": 0,
          "attributes": {
            "arn": "arn:aws:elasticloadbalancing:us-east-1:165261241687:targetgroup/terraform-example-alb-target/532843c0164d3a70",
            "arn_suffix": "targetgroup/terraform-example-alb-target/532843c0164d3a70",
            "connection_termination": false,
            "deregistration_delay": "300",
            "health_check": [
              {
                "enabled": true,
                "healthy_threshold": 2,
                "interval": 60,
                "matcher": "200",
                "path": "/wp-login.php",
                "port": "80",
                "protocol": "HTTP",
                "timeout": 50,
                "unhealthy_threshold": 10
              }
            ],
            "id": "arn:aws:elasticloadbalancing:us-east-1:165261241687:targetgroup/terraform-example-alb-target/532843c0164d3a70",
            "lambda_multi_value_headers_enabled": false,
            "load_balancing_algorithm_type": "round_robin",
            "name": "terraform-example-alb-target",
            "name_prefix": null,
            "port": 80,
            "preserve_client_ip": null,
            "protocol": "HTTP",
            "protocol_version": "HTTP1",
            "proxy_protocol_v2": false,
            "slow_start": 0,
            "stickiness": [
              {
                "cookie_duration": 86400,
                "cookie_name": "",
                "enabled": false,
                "type": "lb_cookie"
              }
            ],
            "tags": {
              "Name": "dev-Casestudy-targetgroup"
            },
            "tags_all": {
              "Name": "dev-Casestudy-targetgroup"
            },
            "target_type": "instance",
            "vpc_id": "vpc-0190904dec2aa5a66"
          },
          "sensitive_attributes": [],
          "private": "bnVsbA==",
          "dependencies": [
            "module.casetsudy_vpc.aws_vpc.CaseStudyVPC"
          ],
          "create_before_destroy": true
        }
      ]
    },
    {
      "module": "module.casestudy_compute",
      "mode": "managed",
      "type": "aws_autoscaling_group",
      "name": "wp_autoscaling_group",
      "provider": "provider[\"registry.terraform.io/hashicorp/aws\"]",
      "instances": [
        {
          "schema_version": 0,
          "attributes": {
            "arn": "arn:aws:autoscaling:us-east-1:165261241687:autoScalingGroup:92552221-fc9f-43f8-9fb8-4a2578d548ae:autoScalingGroupName/CasestudyLaunchTemplate-asg",
            "availability_zones": [
              "us-east-1a",
              "us-east-1b"
            ],
            "capacity_rebalance": false,
            "default_cooldown": 300,
            "desired_capacity": 2,
            "enabled_metrics": [
              "GroupDesiredCapacity",
              "GroupInServiceInstances",
              "GroupMaxSize",
              "GroupMinSize",
              "GroupTotalInstances"
            ],
            "force_delete": false,
            "force_delete_warm_pool": false,
            "health_check_grace_period": 300,
            "health_check_type": "ELB",
            "id": "CasestudyLaunchTemplate-asg",
            "initial_lifecycle_hook": [],
            "instance_refresh": [],
            "launch_configuration": "",
            "launch_template": [
              {
                "id": "lt-01b6511dca2665e8b",
                "name": "CasestudyLaunchTemplate",
                "version": "$Latest"
              }
            ],
            "load_balancers": null,
            "max_instance_lifetime": 0,
            "max_size": 4,
            "metrics_granularity": "1Minute",
            "min_elb_capacity": null,
            "min_size": 2,
            "mixed_instances_policy": [],
            "name": "CasestudyLaunchTemplate-asg",
            "name_prefix": "",
            "placement_group": "",
            "protect_from_scale_in": false,
            "service_linked_role_arn": "arn:aws:iam::165261241687:role/aws-service-role/autoscaling.amazonaws.com/AWSServiceRoleForAutoScaling",
            "suspended_processes": null,
            "tag": [
              {
                "key": "Name",
                "propagate_at_launch": true,
                "value": "dev-AutoscalingGroup"
              }
            ],
            "tags": null,
            "target_group_arns": [
              "arn:aws:elasticloadbalancing:us-east-1:165261241687:targetgroup/terraform-example-alb-target/532843c0164d3a70"
            ],
            "termination_policies": null,
            "timeouts": null,
            "vpc_zone_identifier": [
              "subnet-010b39a03b012759b",
              "subnet-0b985b9cf17944477"
            ],
            "wait_for_capacity_timeout": "10m",
            "wait_for_elb_capacity": null,
            "warm_pool": []
          },
          "sensitive_attributes": [],
          "private": "eyJlMmJmYjczMC1lY2FhLTExZTYtOGY4OC0zNDM2M2JjN2M0YzAiOnsiZGVsZXRlIjo2MDAwMDAwMDAwMDB9fQ==",
          "dependencies": [
            "module.casestudy_compute.aws_alb.alb",
            "module.casestudy_compute.aws_alb_target_group.group",
            "module.casestudy_compute.aws_launch_template.launch_template",
            "module.casestudy_compute.aws_security_group.alb",
            "module.casestudy_compute.data.template_file.userdata",
            "module.casestudy_databse.aws_rds_cluster.Casestudydatabase-cluster",
            "module.casestudy_databse.data.aws_availability_zones.available-AZ",
            "module.casestudy_efs.aws_efs_file_system.Casestudy-EFS",
            "module.casetsudy_vpc.aws_db_subnet_group.auroraSubnetGroup",
            "module.casetsudy_vpc.aws_security_group.AppInstanceSecurityGroup",
            "module.casetsudy_vpc.aws_security_group.RDSSecurityGroup",
            "module.casetsudy_vpc.aws_subnet.AppSubnet1",
            "module.casetsudy_vpc.aws_subnet.AppSubnet2",
            "module.casetsudy_vpc.aws_subnet.DatabaseSubnet1",
            "module.casetsudy_vpc.aws_subnet.DatabaseSubnet2",
            "module.casetsudy_vpc.aws_subnet.PublicSubnet1",
            "module.casetsudy_vpc.aws_subnet.PublicSubnet2",
            "module.casetsudy_vpc.aws_vpc.CaseStudyVPC",
            "module.casetsudy_vpc.data.aws_availability_zones.available-AZs"
          ],
          "create_before_destroy": true
        }
      ]
    },
    {
      "module": "module.casestudy_compute",
      "mode": "managed",
      "type": "aws_launch_template",
      "name": "launch_template",
      "provider": "provider[\"registry.terraform.io/hashicorp/aws\"]",
      "instances": [
        {
          "schema_version": 0,
          "attributes": {
            "arn": "arn:aws:ec2:us-east-1:165261241687:launch-template/lt-01b6511dca2665e8b",
            "block_device_mappings": [],
            "capacity_reservation_specification": [],
            "cpu_options": [],
            "credit_specification": [],
            "default_version": 1,
            "description": "",
            "disable_api_termination": false,
            "ebs_optimized": "",
            "elastic_gpu_specifications": [],
            "elastic_inference_accelerator": [],
            "enclave_options": [],
            "hibernation_options": [],
            "iam_instance_profile": [],
            "id": "lt-01b6511dca2665e8b",
            "image_id": "ami-0c02fb55956c7d316",
            "instance_initiated_shutdown_behavior": "terminate",
            "instance_market_options": [],
            "instance_type": "t2.micro",
            "kernel_id": "",
            "key_name": "",
            "latest_version": 1,
            "license_specification": [],
            "metadata_options": [],
            "monitoring": [],
            "name": "CasestudyLaunchTemplate",
            "name_prefix": "",
            "network_interfaces": [],
            "placement": [],
            "ram_disk_id": "",
            "security_group_names": null,
            "tag_specifications": [],
            "tags": {
              "Name": "dev-LaunchTemplate"
            },
            "tags_all": {
              "Name": "dev-LaunchTemplate"
            },
            "update_default_version": null,
            "user_data": "IyEvYmluL2Jhc2ggLXhlCkRCX05BTUU9Q2FzZXN0dWR5REIKREJfSE9TVE5BTUU9ZGV2LWNhc2VzdHVkeWRhdGFiYXNlLmNsdXN0ZXItY2Rpd3Z6c3gzdXAzLnVzLWVhc3QtMS5yZHMuYW1hem9uYXdzLmNvbQpEQl9VU0VSTkFNRT1hZG1pbgpEQl9QQVNTV09SRD1hZG1pbjEyMwpXUF9BRE1JTj1hZG1pbgpXUF9QQVNTV09SRD1QYXNzd29yZApXUF9FTUFJTD14eXpAaG90bWFpbC5mcgpMQl9IT1NUTkFNRT1XUExvYWRCYWxhbmNlci0xNDQ3Nzg3NzQ2LnVzLWVhc3QtMS5lbGIuYW1hem9uYXdzLmNvbQpFRlNfSUQ9ZnMtMGU4ZGNlYjg5YzIyMTcxZDkKeXVtIHVwZGF0ZSAteQp5dW0gaW5zdGFsbCAteSBhbWF6b24tbGludXgtZXh0cmFzCnl1bSBpbnN0YWxsIC15IGF3c2xvZ3MgaHR0cGQgbXlzcWwgZ2NjLWMrKwphbWF6b24tbGludXgtZXh0cmFzIGVuYWJsZSBwaHA3LjQKeXVtIGNsZWFuIG1ldGFkYXRhCnl1bSBpbnN0YWxsIC15IHBocCBwaHAte3BlYXIsY2dpLGNvbW1vbixjdXJsLG1ic3RyaW5nLGdkLG15c3FsbmQsZ2V0dGV4dCxiY21hdGgsanNvbix4bWwsZnBtLGludGwsemlwLGltYXAsZGV2ZWwsb3BjYWNoZX0Kc3lzdGVtY3RsIGVuYWJsZSBuZnMtc2VydmVyLnNlcnZpY2UKc3lzdGVtY3RsIHN0YXJ0IG5mcy1zZXJ2ZXIuc2VydmljZQpta2RpciAtcCAvdmFyL3d3dy93b3JkcHJlc3MKbW91bnQgLXQgbmZzNCAtbyBuZnN2ZXJzPTQuMSxyc2l6ZT0xMDQ4NTc2LHdzaXplPTEwNDg1NzYsaGFyZCx0aW1lbz02MDAscmV0cmFucz0yICIkRUZTX0lEIi5lZnMudXMtZWFzdC0xLmFtYXpvbmF3cy5jb206LyAvdmFyL3d3dy93b3JkcHJlc3MKCiMjIGNyZWF0ZSBzaXRlIGNvbmZpZwpjYXQgPDxFT0YgPi9ldGMvaHR0cGQvY29uZi5kL3dvcmRwcmVzcy5jb25mClNlcnZlck5hbWUgMTI3LjAuMC4xOjgwCkRvY3VtZW50Um9vdCAvdmFyL3d3dy93b3JkcHJlc3MKPERpcmVjdG9yeSAvdmFyL3d3dy93b3JkcHJlc3M+Ck9wdGlvbnMgSW5kZXhlcyBGb2xsb3dTeW1MaW5rcwpBbGxvd092ZXJyaWRlIEFsbApSZXF1aXJlIGFsbCBncmFudGVkCjwvRGlyZWN0b3J5PgpFT0YKCiMjIGluc3RhbGwgY2FjaGUgY2xpZW50CnBlY2wgaW5zdGFsbCBpZ2JpbmFyeQp3Z2V0IC1QIC90bXAvIGh0dHBzOi8vZWxhc3RpY2FjaGUtZG93bmxvYWRzLnMzLmFtYXpvbmF3cy5jb20vQ2x1c3RlckNsaWVudC9QSFAtNy40L2xhdGVzdC02NGJpdC1YODYKY2QgL3RtcAp0YXIgLXp4dmYgbGF0ZXN0LTY0Yml0LVg4NgpjcCAnL3RtcC9hbWF6b24tZWxhc3RpY2FjaGUtY2x1c3Rlci1jbGllbnQuc28nIC91c3IvbGliNjQvcGhwL21vZHVsZXMvCmlmIFsgISAtZiAvZXRjL3BocC5kLzUwLW1lbWNhY2hlZC5pbmkgXTsgdGhlbgogICAgdG91Y2ggL2V0Yy9waHAuZC81MC1tZW1jYWNoZWQuaW5pCmZpCmVjaG8gJ2V4dGVuc2lvbj1pZ2JpbmFyeS5zbzsnID4+IC9ldGMvcGhwLmQvNTAtbWVtY2FjaGVkLmluaQplY2hvICdleHRlbnNpb249L3Vzci9saWI2NC9waHAvbW9kdWxlcy9hbWF6b24tZWxhc3RpY2FjaGUtY2x1c3Rlci1jbGllbnQuc287JyA+PiAvZXRjL3BocC5kLzUwLW1lbWNhY2hlZC5pbmkKCiMjIGluc3RhbGwgV29yZFByZXNzIGFuZCBXUCBDTEkKY3VybCAtbyAvYmluL3dwIGh0dHBzOi8vcmF3LmdpdGh1YnVzZXJjb250ZW50LmNvbS93cC1jbGkvYnVpbGRzL2doLXBhZ2VzL3BoYXIvd3AtY2xpLnBoYXIKY2htb2QgK3ggL2Jpbi93cAp3Z2V0IC1QIC90bXAvIGh0dHBzOi8vd29yZHByZXNzLm9yZy9sYXRlc3QudGFyLmd6CnRhciAtdnh6ZiBsYXRlc3QudGFyLmd6IC1DIC92YXIvd3d3LwpjcCAvdmFyL3d3dy93b3JkcHJlc3Mvd3AtY29uZmlnLXNhbXBsZS5waHAgL3Zhci93d3cvd29yZHByZXNzL3dwLWNvbmZpZy5waHAKY2QgL3Zhci93d3cvd29yZHByZXNzLwpzZWQgLWkgJ3MvZGF0YWJhc2VfbmFtZV9oZXJlLyciJERCX05BTUUiJy8nIHdwLWNvbmZpZy5waHAKc2VkIC1pICdzL3VzZXJuYW1lX2hlcmUvJyIkREJfVVNFUk5BTUUiJy8nIHdwLWNvbmZpZy5waHAKc2VkIC1pICdzL3Bhc3N3b3JkX2hlcmUvJyIkREJfUEFTU1dPUkQiJy8nIHdwLWNvbmZpZy5waHAKc2VkIC1pICdzL2xvY2FsaG9zdC8nIiREQl9IT1NUTkFNRSInLycgd3AtY29uZmlnLnBocAoKIyBpbnN0YWxsIFdvcmRQcmVzcyBpZiBub3QgaW5zdGFsbGVkCiMgdXNlIHB1YmxpYyBhbGIgaG9zdCBuYW1lIGlmIHdwIGRvbWFpbiBuYW1lIHdhcyBlbXB0eQppZiAhICQod3AgY29yZSBpcy1pbnN0YWxsZWQgLS1hbGxvdy1yb290KTsgdGhlbgogICAgd3AgY29yZSBpbnN0YWxsIC0tdXJsPSJodHRwOi8vJExCX0hPU1ROQU1FIiAtLXRpdGxlPSdXb3JkcHJlc3Mgb24gQVdTJyAtLWFkbWluX3VzZXI9IiRXUF9BRE1JTiIgLS1hZG1pbl9wYXNzd29yZD0iJFdQX1BBU1NXT1JEIiAtLWFkbWluX2VtYWlsPSIkV1BfRU1BSUwiIC0tYWxsb3ctcm9vdAogICAgd3AgcGx1Z2luIGluc3RhbGwgdzMtdG90YWwtY2FjaGUgLS1hbGxvdy1yb290CiAgICBjaG93biAtUiBhcGFjaGU6YXBhY2hlIC92YXIvd3d3L3dvcmRwcmVzcwogICAgY2htb2QgdSt3cnggL3Zhci93d3cvd29yZHByZXNzL3dwLWNvbnRlbnQvKgogICAgaWYgWyAhIC1mIC92YXIvd3d3L3dvcmRwcmVzcy9vcGNhY2hlLWluc3RhbmNlaWQucGhwIF07IHRoZW4KICAgIHdnZXQgLVAgL3Zhci93d3cvd29yZHByZXNzLyBodHRwczovL3MzLmFtYXpvbmF3cy5jb20vYXdzLXJlZmFyY2gvd29yZHByZXNzL2xhdGVzdC9iaXRzL29wY2FjaGUtaW5zdGFuY2VpZC5waHAKICAgIGZpCmZpClJFU1VMVD0kPwplY2hvICRSRVNVTFQKaWYgWyAkUkVTVUxUIC1lcSAwIF07IHRoZW4KICAgIHRvdWNoIC92YXIvd3d3L3dvcmRwcmVzcy93b3JkcHJlc3MuaW5pdGlhbGl6ZWQKZWxzZQogICAgdG91Y2ggL3Zhci93d3cvd29yZHByZXNzL3dvcmRwcmVzcy5mYWlsZWQKZmkKCiMjIGluc3RhbGwgb3BjYWNoZQojIGNyZWF0ZSBoaWRkZW4gb3BjYWNoZSBkaXJlY3RvcnkgbG9jYWxseSAmIGNoYW5nZSBvd25lciB0byBhcGFjaGUKCm1rZGlyIC1wIC92YXIvd3d3Ly5vcGNhY2hlCiMgZW5hYmxlIG9wY2FjaGUgaW4gL2V0Yy9waHAtNy4wLmQvMTAtb3BjYWNoZS5pbmkKc2VkIC1pICdzLztvcGNhY2hlLmZpbGVfY2FjaGU9Liovb3BjYWNoZS5maWxlX2NhY2hlPVwvdmFyXC93d3dcLy5vcGNhY2hlLycgL2V0Yy9waHAuZC8xMC1vcGNhY2hlLmluaQpzZWQgLWkgJ3Mvb3BjYWNoZS5tZW1vcnlfY29uc3VtcHRpb249Liovb3BjYWNoZS5tZW1vcnlfY29uc3VtcHRpb249NTEyLycgL2V0Yy9waHAuZC8xMC1vcGNhY2hlLmluaQojIGRvd25sb2FkIG9wY2FjaGUtaW5zdGFuY2UucGhwIHRvIHZlcmlmeSBvcGNhY2hlIHN0YXR1cwppZiBbICEgLWYgL3Zhci93d3cvd29yZHByZXNzL29wY2FjaGUtaW5zdGFuY2VpZC5waHAgXTsgdGhlbgogICAgd2dldCAtUCAvdmFyL3d3dy93b3JkcHJlc3MvIGh0dHBzOi8vczMuYW1hem9uYXdzLmNvbS9hd3MtcmVmYXJjaC93b3JkcHJlc3MvbGF0ZXN0L2JpdHMvb3BjYWNoZS1pbnN0YW5jZWlkLnBocApmaQoKIwojIFRoaXMgc2NyaXB0IGNvbmZpZ3VyZXMgV29yZFByZXNzIGZpbGUgcGVybWlzc2lvbnMgYmFzZWQgb24gcmVjb21tZW5kYXRpb25zCiMgZnJvbSBodHRwOi8vY29kZXgud29yZHByZXNzLm9yZy9IYXJkZW5pbmdfV29yZFByZXNzI0ZpbGVfcGVybWlzc2lvbnMKIwojIGV4ZWN1dGUgaXQgd2l0aCB0aGUgZm9sbG93aW5nIGNvbW1hbmQ6CiMgYmFzaCBzZXQtd29yZHByZXNzLXBlcm1pc3Npb25zLnNoIC92YXIvd3d3LzxzaXRlX2ZvbGRlcj4KIwpPV05FUj1hcGFjaGUgIyA8LS0gd29yZHByZXNzIG93bmVyCkdST1VQPWFwYWNoZSAjIDwtLSB3b3JkcHJlc3MgZ3JvdXAKUk9PVD0nL3Zhci93d3cvd29yZHByZXNzJyAjIDwtLSB3b3JkcHJlc3Mgcm9vdCBkaXJlY3RvcnkKIAojIHJlc2V0IHRvIHNhZmUgZGVmYXVsdHMKZmluZCAiJFJPT1QiIC1leGVjIGNob3duICIkT1dORVIiOiIkR1JPVVAiIHt9IFw7CmZpbmQgIiRST09UIiAtdHlwZSBkIC1leGVjIGNobW9kIDc1NSB7fSBcOwpmaW5kICIkUk9PVCIgLXR5cGUgZiAtZXhlYyBjaG1vZCA2NDQge30gXDsKIAojIGFsbG93IHdvcmRwcmVzcyB0byBtYW5hZ2Ugd3AtY29uZmlnLnBocCAoYnV0IHByZXZlbnQgd29ybGQgYWNjZXNzKQpjaGdycCAiJEdST1VQIiAiJFJPT1QiL3dwLWNvbmZpZy5waHAKY2htb2QgNjYwICIkUk9PVCIvd3AtY29uZmlnLnBocAogCiMgYWxsb3cgd29yZHByZXNzIHRvIG1hbmFnZSB3cC1jb250ZW50CmZpbmQgIiRST09UIi93cC1jb250ZW50IC1leGVjIGNoZ3JwICIkR1JPVVAiIHt9IFw7CmZpbmQgIiRST09UIi93cC1jb250ZW50IC10eXBlIGQgLWV4ZWMgY2htb2QgNzc1IHt9IFw7CmZpbmQgIiRST09UIi93cC1jb250ZW50IC10eXBlIGYgLWV4ZWMgY2htb2QgNjY0IHt9IFw7CgpjaGtjb25maWcgaHR0cGQgb24Kc2VydmljZSBodHRwZCBzdGFydA==",
            "vpc_security_group_ids": [
              "sg-0f4fa9e66eb1d3f85"
            ]
          },
          "sensitive_attributes": [],
          "private": "bnVsbA==",
          "dependencies": [
            "module.casestudy_compute.aws_alb.alb",
            "module.casestudy_compute.aws_security_group.alb",
            "module.casestudy_compute.data.template_file.userdata",
            "module.casestudy_databse.aws_rds_cluster.Casestudydatabase-cluster",
            "module.casestudy_databse.data.aws_availability_zones.available-AZ",
            "module.casestudy_efs.aws_efs_file_system.Casestudy-EFS",
            "module.casetsudy_vpc.aws_db_subnet_group.auroraSubnetGroup",
            "module.casetsudy_vpc.aws_security_group.AppInstanceSecurityGroup",
            "module.casetsudy_vpc.aws_security_group.RDSSecurityGroup",
            "module.casetsudy_vpc.aws_subnet.DatabaseSubnet1",
            "module.casetsudy_vpc.aws_subnet.DatabaseSubnet2",
            "module.casetsudy_vpc.aws_subnet.PublicSubnet1",
            "module.casetsudy_vpc.aws_subnet.PublicSubnet2",
            "module.casetsudy_vpc.aws_vpc.CaseStudyVPC",
            "module.casetsudy_vpc.data.aws_availability_zones.available-AZs"
          ],
          "create_before_destroy": true
        }
      ]
    },
    {
      "module": "module.casestudy_compute",
      "mode": "managed",
      "type": "aws_security_group",
      "name": "alb",
      "provider": "provider[\"registry.terraform.io/hashicorp/aws\"]",
      "instances": [
        {
          "schema_version": 1,
          "attributes": {
            "arn": "arn:aws:ec2:us-east-1:165261241687:security-group/sg-0d524e0c8f023fbc1",
            "description": "Allow HTTP traffic to instances through Elastic Load Balancer",
            "egress": [
              {
                "cidr_blocks": [
                  "0.0.0.0/0"
                ],
                "description": "",
                "from_port": 0,
                "ipv6_cidr_blocks": [],
                "prefix_list_ids": [],
                "protocol": "-1",
                "security_groups": [],
                "self": false,
                "to_port": 0
              }
            ],
            "id": "sg-0d524e0c8f023fbc1",
            "ingress": [
              {
                "cidr_blocks": [
                  "0.0.0.0/0"
                ],
                "description": "",
                "from_port": 80,
                "ipv6_cidr_blocks": [],
                "prefix_list_ids": [],
                "protocol": "tcp",
                "security_groups": [],
                "self": false,
                "to_port": 80
              }
            ],
            "name": "lb_http_default",
            "name_prefix": "",
            "owner_id": "165261241687",
            "revoke_rules_on_delete": false,
            "tags": {
              "Name": "dev-default-security_group-ALB"
            },
            "tags_all": {
              "Name": "dev-default-security_group-ALB"
            },
            "timeouts": null,
            "vpc_id": "vpc-0190904dec2aa5a66"
          },
          "sensitive_attributes": [],
          "private": "eyJlMmJmYjczMC1lY2FhLTExZTYtOGY4OC0zNDM2M2JjN2M0YzAiOnsiY3JlYXRlIjo2MDAwMDAwMDAwMDAsImRlbGV0ZSI6OTAwMDAwMDAwMDAwfSwic2NoZW1hX3ZlcnNpb24iOiIxIn0=",
          "dependencies": [
            "module.casetsudy_vpc.aws_vpc.CaseStudyVPC"
          ],
          "create_before_destroy": true
        }
      ]
    },
    {
      "module": "module.casestudy_databse",
      "mode": "data",
      "type": "aws_availability_zones",
      "name": "available-AZ",
      "provider": "provider[\"registry.terraform.io/hashicorp/aws\"]",
      "instances": [
        {
          "schema_version": 0,
          "attributes": {
            "all_availability_zones": null,
            "exclude_names": null,
            "exclude_zone_ids": null,
            "filter": null,
            "group_names": [
              "us-east-1"
            ],
            "id": "us-east-1",
            "names": [
              "us-east-1a",
              "us-east-1b",
              "us-east-1c",
              "us-east-1d",
              "us-east-1e",
              "us-east-1f"
            ],
            "state": "available",
            "zone_ids": [
              "use1-az6",
              "use1-az1",
              "use1-az2",
              "use1-az4",
              "use1-az3",
              "use1-az5"
            ]
          },
          "sensitive_attributes": []
        }
      ]
    },
    {
      "module": "module.casestudy_databse",
      "mode": "managed",
      "type": "aws_elasticache_cluster",
      "name": "elasticcache-casestudy",
      "provider": "provider[\"registry.terraform.io/hashicorp/aws\"]",
      "instances": [
        {
          "schema_version": 0,
          "attributes": {
            "apply_immediately": null,
            "arn": "arn:aws:elasticache:us-east-1:165261241687:cluster:dev-casestudycache",
            "availability_zone": "Multiple",
            "az_mode": "cross-az",
            "cache_nodes": [
              {
                "address": "dev-casestudycache.cmccov.0001.use1.cache.amazonaws.com",
                "availability_zone": "us-east-1a",
                "id": "0001",
                "port": 11211
              },
              {
                "address": "dev-casestudycache.cmccov.0002.use1.cache.amazonaws.com",
                "availability_zone": "us-east-1b",
                "id": "0002",
                "port": 11211
              }
            ],
            "cluster_address": "dev-casestudycache.cmccov.cfg.use1.cache.amazonaws.com",
            "cluster_id": "dev-casestudycache",
            "configuration_endpoint": "dev-casestudycache.cmccov.cfg.use1.cache.amazonaws.com:11211",
            "engine": "memcached",
            "engine_version": "1.6.6",
            "engine_version_actual": "1.6.6",
            "final_snapshot_identifier": null,
            "id": "dev-casestudycache",
            "maintenance_window": "fri:03:00-fri:04:00",
            "node_type": "cache.t3.micro",
            "notification_topic_arn": null,
            "num_cache_nodes": 2,
            "parameter_group_name": "default.memcached1.6",
            "port": 11211,
            "preferred_availability_zones": [
              "us-east-1a",
              "us-east-1b"
            ],
            "replication_group_id": null,
            "security_group_ids": [
              "sg-0410612c6cfafb32d"
            ],
            "security_group_names": [],
            "snapshot_arns": null,
            "snapshot_name": null,
            "snapshot_retention_limit": 0,
            "snapshot_window": "",
            "subnet_group_name": "dev-elasticachesubnetgroup",
            "tags": {
              "Name": "dev-Casestudy-Cache"
            },
            "tags_all": {
              "Name": "dev-Casestudy-Cache"
            }
          },
          "sensitive_attributes": [],
          "private": "bnVsbA==",
          "dependencies": [
            "module.casestudy_databse.data.aws_availability_zones.available-AZ",
            "module.casetsudy_vpc.aws_elasticache_subnet_group.ElasticacheSubnetGroup",
            "module.casetsudy_vpc.aws_security_group.ElastiCacheSecurityGroup",
            "module.casetsudy_vpc.aws_subnet.AppSubnet1",
            "module.casetsudy_vpc.aws_subnet.AppSubnet2",
            "module.casetsudy_vpc.aws_vpc.CaseStudyVPC",
            "module.casetsudy_vpc.data.aws_availability_zones.available-AZs"
          ]
        }
      ]
    },
    {
      "module": "module.casestudy_databse",
      "mode": "managed",
      "type": "aws_rds_cluster",
      "name": "Casestudydatabase-cluster",
      "provider": "provider[\"registry.terraform.io/hashicorp/aws\"]",
      "instances": [
        {
          "schema_version": 0,
          "attributes": {
            "allow_major_version_upgrade": null,
            "apply_immediately": true,
            "arn": "arn:aws:rds:us-east-1:165261241687:cluster:dev-casestudydatabase",
            "availability_zones": [
              "us-east-1a",
              "us-east-1b"
            ],
            "backtrack_window": 0,
            "backup_retention_period": 1,
            "cluster_identifier": "dev-casestudydatabase",
            "cluster_identifier_prefix": null,
            "cluster_members": [],
            "cluster_resource_id": "cluster-3IIP3EVJW67QS25X37VWZCB534",
            "copy_tags_to_snapshot": false,
            "database_name": "CasestudyDB",
            "db_cluster_parameter_group_name": "default.aurora-mysql5.7",
            "db_instance_parameter_group_name": null,
            "db_subnet_group_name": "dev-aurorasubnetgroup",
            "deletion_protection": false,
            "enable_global_write_forwarding": false,
            "enable_http_endpoint": false,
            "enabled_cloudwatch_logs_exports": null,
            "endpoint": "dev-casestudydatabase.cluster-cdiwvzsx3up3.us-east-1.rds.amazonaws.com",
            "engine": "aurora-mysql",
            "engine_mode": "provisioned",
            "engine_version": "5.7.mysql_aurora.2.07.2",
            "engine_version_actual": "5.7.mysql_aurora.2.07.2",
            "final_snapshot_identifier": null,
            "global_cluster_identifier": "",
            "hosted_zone_id": "Z2R2ITUGPM61AM",
            "iam_database_authentication_enabled": false,
            "iam_roles": [],
            "id": "dev-casestudydatabase",
            "kms_key_id": "arn:aws:kms:us-east-1:165261241687:key/3c844b61-c3ce-400e-8abe-9c84def7a4a4",
            "master_password": "admin123",
            "master_username": "admin",
            "port": 3306,
            "preferred_backup_window": "07:18-07:48",
            "preferred_maintenance_window": "sun:06:21-sun:06:51",
            "reader_endpoint": "dev-casestudydatabase.cluster-ro-cdiwvzsx3up3.us-east-1.rds.amazonaws.com",
            "replication_source_identifier": "",
            "restore_to_point_in_time": [],
            "s3_import": [],
            "scaling_configuration": [],
            "skip_final_snapshot": true,
            "snapshot_identifier": null,
            "source_region": null,
            "storage_encrypted": true,
            "tags": {
              "Name": "dev-Casestudy-Database"
            },
            "tags_all": {
              "Name": "dev-Casestudy-Database"
            },
            "timeouts": null,
            "vpc_security_group_ids": [
              "sg-0d198bc23f05d37e1"
            ]
          },
          "sensitive_attributes": [],
          "private": "eyJlMmJmYjczMC1lY2FhLTExZTYtOGY4OC0zNDM2M2JjN2M0YzAiOnsiY3JlYXRlIjo3MjAwMDAwMDAwMDAwLCJkZWxldGUiOjcyMDAwMDAwMDAwMDAsInVwZGF0ZSI6NzIwMDAwMDAwMDAwMH19",
          "dependencies": [
            "module.casestudy_databse.data.aws_availability_zones.available-AZ",
            "module.casetsudy_vpc.aws_db_subnet_group.auroraSubnetGroup",
            "module.casetsudy_vpc.aws_security_group.RDSSecurityGroup",
            "module.casetsudy_vpc.aws_subnet.DatabaseSubnet1",
            "module.casetsudy_vpc.aws_subnet.DatabaseSubnet2",
            "module.casetsudy_vpc.aws_vpc.CaseStudyVPC",
            "module.casetsudy_vpc.data.aws_availability_zones.available-AZs"
          ],
          "create_before_destroy": true
        }
      ]
    },
    {
      "module": "module.casestudy_databse",
      "mode": "managed",
      "type": "aws_rds_cluster_instance",
      "name": "Casestudy-database",
      "provider": "provider[\"registry.terraform.io/hashicorp/aws\"]",
      "instances": [
        {
          "index_key": 0,
          "schema_version": 0,
          "attributes": {
            "apply_immediately": null,
            "arn": "arn:aws:rds:us-east-1:165261241687:db:dev-casestudydatabase-0",
            "auto_minor_version_upgrade": true,
            "availability_zone": "us-east-1b",
            "ca_cert_identifier": "rds-ca-2019",
            "cluster_identifier": "dev-casestudydatabase",
            "copy_tags_to_snapshot": false,
            "db_parameter_group_name": "default.aurora-mysql5.7",
            "db_subnet_group_name": "dev-aurorasubnetgroup",
            "dbi_resource_id": "db-W24WW3CNFRHJSQ4TKGQ3CS77S4",
            "endpoint": "dev-casestudydatabase-0.cdiwvzsx3up3.us-east-1.rds.amazonaws.com",
            "engine": "aurora-mysql",
            "engine_version": "5.7.mysql_aurora.2.07.2",
            "engine_version_actual": "5.7.mysql_aurora.2.07.2",
            "id": "dev-casestudydatabase-0",
            "identifier": "dev-casestudydatabase-0",
            "identifier_prefix": null,
            "instance_class": "db.t3.small",
            "kms_key_id": "arn:aws:kms:us-east-1:165261241687:key/3c844b61-c3ce-400e-8abe-9c84def7a4a4",
            "monitoring_interval": 0,
            "monitoring_role_arn": "",
            "performance_insights_enabled": false,
            "performance_insights_kms_key_id": "",
            "performance_insights_retention_period": 0,
            "port": 3306,
            "preferred_backup_window": "07:18-07:48",
            "preferred_maintenance_window": "mon:04:50-mon:05:20",
            "promotion_tier": 0,
            "publicly_accessible": false,
            "storage_encrypted": true,
            "tags": null,
            "tags_all": {},
            "timeouts": null,
            "writer": true
          },
          "sensitive_attributes": [],
          "private": "eyJlMmJmYjczMC1lY2FhLTExZTYtOGY4OC0zNDM2M2JjN2M0YzAiOnsiY3JlYXRlIjo1NDAwMDAwMDAwMDAwLCJkZWxldGUiOjU0MDAwMDAwMDAwMDAsInVwZGF0ZSI6NTQwMDAwMDAwMDAwMH19",
          "dependencies": [
            "module.casestudy_databse.aws_rds_cluster.Casestudydatabase-cluster",
            "module.casestudy_databse.data.aws_availability_zones.available-AZ",
            "module.casetsudy_vpc.aws_db_subnet_group.auroraSubnetGroup",
            "module.casetsudy_vpc.aws_security_group.RDSSecurityGroup",
            "module.casetsudy_vpc.aws_subnet.DatabaseSubnet1",
            "module.casetsudy_vpc.aws_subnet.DatabaseSubnet2",
            "module.casetsudy_vpc.aws_vpc.CaseStudyVPC",
            "module.casetsudy_vpc.data.aws_availability_zones.available-AZs"
          ]
        },
        {
          "index_key": 1,
          "schema_version": 0,
          "attributes": {
            "apply_immediately": null,
            "arn": "arn:aws:rds:us-east-1:165261241687:db:dev-casestudydatabase-1",
            "auto_minor_version_upgrade": true,
            "availability_zone": "us-east-1a",
            "ca_cert_identifier": "rds-ca-2019",
            "cluster_identifier": "dev-casestudydatabase",
            "copy_tags_to_snapshot": false,
            "db_parameter_group_name": "default.aurora-mysql5.7",
            "db_subnet_group_name": "dev-aurorasubnetgroup",
            "dbi_resource_id": "db-ZQOJ2TFLMDDFJ7W3B5SNC3COKU",
            "endpoint": "dev-casestudydatabase-1.cdiwvzsx3up3.us-east-1.rds.amazonaws.com",
            "engine": "aurora-mysql",
            "engine_version": "5.7.mysql_aurora.2.07.2",
            "engine_version_actual": "5.7.mysql_aurora.2.07.2",
            "id": "dev-casestudydatabase-1",
            "identifier": "dev-casestudydatabase-1",
            "identifier_prefix": null,
            "instance_class": "db.t3.small",
            "kms_key_id": "arn:aws:kms:us-east-1:165261241687:key/3c844b61-c3ce-400e-8abe-9c84def7a4a4",
            "monitoring_interval": 0,
            "monitoring_role_arn": "",
            "performance_insights_enabled": false,
            "performance_insights_kms_key_id": "",
            "performance_insights_retention_period": 0,
            "port": 3306,
            "preferred_backup_window": "07:18-07:48",
            "preferred_maintenance_window": "sat:08:29-sat:08:59",
            "promotion_tier": 0,
            "publicly_accessible": false,
            "storage_encrypted": true,
            "tags": null,
            "tags_all": {},
            "timeouts": null,
            "writer": false
          },
          "sensitive_attributes": [],
          "private": "eyJlMmJmYjczMC1lY2FhLTExZTYtOGY4OC0zNDM2M2JjN2M0YzAiOnsiY3JlYXRlIjo1NDAwMDAwMDAwMDAwLCJkZWxldGUiOjU0MDAwMDAwMDAwMDAsInVwZGF0ZSI6NTQwMDAwMDAwMDAwMH19",
          "dependencies": [
            "module.casestudy_databse.aws_rds_cluster.Casestudydatabase-cluster",
            "module.casestudy_databse.data.aws_availability_zones.available-AZ",
            "module.casetsudy_vpc.aws_db_subnet_group.auroraSubnetGroup",
            "module.casetsudy_vpc.aws_security_group.RDSSecurityGroup",
            "module.casetsudy_vpc.aws_subnet.DatabaseSubnet1",
            "module.casetsudy_vpc.aws_subnet.DatabaseSubnet2",
            "module.casetsudy_vpc.aws_vpc.CaseStudyVPC",
            "module.casetsudy_vpc.data.aws_availability_zones.available-AZs"
          ]
        }
      ]
    },
    {
      "module": "module.casestudy_efs",
      "mode": "managed",
      "type": "aws_efs_backup_policy",
      "name": "policy",
      "provider": "provider[\"registry.terraform.io/hashicorp/aws\"]",
      "instances": [
        {
          "schema_version": 0,
          "attributes": {
            "backup_policy": [
              {
                "status": "ENABLED"
              }
            ],
            "file_system_id": "fs-0e8dceb89c22171d9",
            "id": "fs-0e8dceb89c22171d9"
          },
          "sensitive_attributes": [],
          "private": "bnVsbA==",
          "dependencies": [
            "module.casestudy_efs.aws_efs_file_system.Casestudy-EFS"
          ]
        }
      ]
    },
    {
      "module": "module.casestudy_efs",
      "mode": "managed",
      "type": "aws_efs_file_system",
      "name": "Casestudy-EFS",
      "provider": "provider[\"registry.terraform.io/hashicorp/aws\"]",
      "instances": [
        {
          "schema_version": 0,
          "attributes": {
            "arn": "arn:aws:elasticfilesystem:us-east-1:165261241687:file-system/fs-0e8dceb89c22171d9",
            "availability_zone_id": "",
            "availability_zone_name": "",
            "creation_token": "dev-Casestudy-EFS",
            "dns_name": "fs-0e8dceb89c22171d9.efs.us-east-1.amazonaws.com",
            "encrypted": true,
            "id": "fs-0e8dceb89c22171d9",
            "kms_key_id": "arn:aws:kms:us-east-1:165261241687:key/a894e4ed-cab9-4058-ac9c-eeaf1bf83784",
            "lifecycle_policy": [
              {
                "transition_to_ia": "AFTER_30_DAYS",
                "transition_to_primary_storage_class": ""
              }
            ],
            "number_of_mount_targets": 0,
            "owner_id": "165261241687",
            "performance_mode": "generalPurpose",
            "provisioned_throughput_in_mibps": 0,
            "size_in_bytes": [
              {
                "value": 6144,
                "value_in_ia": 0,
                "value_in_standard": 6144
              }
            ],
            "tags": {
              "Name": "dev-Casestudy-EFS"
            },
            "tags_all": {
              "Name": "dev-Casestudy-EFS"
            },
            "throughput_mode": "bursting"
          },
          "sensitive_attributes": [],
          "private": "bnVsbA==",
          "create_before_destroy": true
        }
      ]
    },
    {
      "module": "module.casestudy_efs",
      "mode": "managed",
      "type": "aws_efs_mount_target",
      "name": "Casestudy-mount-efs-subnet1",
      "provider": "provider[\"registry.terraform.io/hashicorp/aws\"]",
      "instances": [
        {
          "schema_version": 0,
          "attributes": {
            "availability_zone_id": "use1-az6",
            "availability_zone_name": "us-east-1a",
            "dns_name": "fs-0e8dceb89c22171d9.efs.us-east-1.amazonaws.com",
            "file_system_arn": "arn:aws:elasticfilesystem:us-east-1:165261241687:file-system/fs-0e8dceb89c22171d9",
            "file_system_id": "fs-0e8dceb89c22171d9",
            "id": "fsmt-0328f7e007730366b",
            "ip_address": "10.0.2.244",
            "mount_target_dns_name": "us-east-1a.fs-0e8dceb89c22171d9.efs.us-east-1.amazonaws.com",
            "network_interface_id": "eni-0fdfe8f1463af598c",
            "owner_id": "165261241687",
            "security_groups": [
              "sg-0a09e04817e377184"
            ],
            "subnet_id": "subnet-010b39a03b012759b"
          },
          "sensitive_attributes": [],
          "private": "bnVsbA==",
          "dependencies": [
            "module.casestudy_compute.aws_security_group.alb",
            "module.casestudy_efs.aws_efs_file_system.Casestudy-EFS",
            "module.casetsudy_vpc.aws_security_group.AppInstanceSecurityGroup",
            "module.casetsudy_vpc.aws_security_group.EFSMountTargetSecurityGroup",
            "module.casetsudy_vpc.aws_subnet.AppSubnet1",
            "module.casetsudy_vpc.aws_vpc.CaseStudyVPC",
            "module.casetsudy_vpc.data.aws_availability_zones.available-AZs"
          ]
        }
      ]
    },
    {
      "module": "module.casestudy_efs",
      "mode": "managed",
      "type": "aws_efs_mount_target",
      "name": "Casestudy-mount-efs-subnet2",
      "provider": "provider[\"registry.terraform.io/hashicorp/aws\"]",
      "instances": [
        {
          "schema_version": 0,
          "attributes": {
            "availability_zone_id": "use1-az1",
            "availability_zone_name": "us-east-1b",
            "dns_name": "fs-0e8dceb89c22171d9.efs.us-east-1.amazonaws.com",
            "file_system_arn": "arn:aws:elasticfilesystem:us-east-1:165261241687:file-system/fs-0e8dceb89c22171d9",
            "file_system_id": "fs-0e8dceb89c22171d9",
            "id": "fsmt-0c9e293fe522f5e4e",
            "ip_address": "10.0.3.37",
            "mount_target_dns_name": "us-east-1b.fs-0e8dceb89c22171d9.efs.us-east-1.amazonaws.com",
            "network_interface_id": "eni-0f584225323131a4d",
            "owner_id": "165261241687",
            "security_groups": [
              "sg-0a09e04817e377184"
            ],
            "subnet_id": "subnet-0b985b9cf17944477"
          },
          "sensitive_attributes": [],
          "private": "bnVsbA==",
          "dependencies": [
            "module.casestudy_compute.aws_security_group.alb",
            "module.casestudy_efs.aws_efs_file_system.Casestudy-EFS",
            "module.casetsudy_vpc.aws_security_group.AppInstanceSecurityGroup",
            "module.casetsudy_vpc.aws_security_group.EFSMountTargetSecurityGroup",
            "module.casetsudy_vpc.aws_subnet.AppSubnet2",
            "module.casetsudy_vpc.aws_vpc.CaseStudyVPC",
            "module.casetsudy_vpc.data.aws_availability_zones.available-AZs"
          ]
        }
      ]
    },
    {
      "module": "module.casetsudy_vpc",
      "mode": "data",
      "type": "aws_availability_zones",
      "name": "available-AZs",
      "provider": "provider[\"registry.terraform.io/hashicorp/aws\"]",
      "instances": [
        {
          "schema_version": 0,
          "attributes": {
            "all_availability_zones": null,
            "exclude_names": null,
            "exclude_zone_ids": null,
            "filter": null,
            "group_names": [
              "us-east-1"
            ],
            "id": "us-east-1",
            "names": [
              "us-east-1a",
              "us-east-1b",
              "us-east-1c",
              "us-east-1d",
              "us-east-1e",
              "us-east-1f"
            ],
            "state": "available",
            "zone_ids": [
              "use1-az6",
              "use1-az1",
              "use1-az2",
              "use1-az4",
              "use1-az3",
              "use1-az5"
            ]
          },
          "sensitive_attributes": []
        }
      ]
    },
    {
      "module": "module.casetsudy_vpc",
      "mode": "managed",
      "type": "aws_db_subnet_group",
      "name": "auroraSubnetGroup",
      "provider": "provider[\"registry.terraform.io/hashicorp/aws\"]",
      "instances": [
        {
          "schema_version": 0,
          "attributes": {
            "arn": "arn:aws:rds:us-east-1:165261241687:subgrp:dev-aurorasubnetgroup",
            "description": "Managed by Terraform",
            "id": "dev-aurorasubnetgroup",
            "name": "dev-aurorasubnetgroup",
            "name_prefix": null,
            "subnet_ids": [
              "subnet-005918e60efa35f2b",
              "subnet-033c83569ac7b7d46"
            ],
            "tags": {
              "Name": "dev-auroraSubnetGroup"
            },
            "tags_all": {
              "Name": "dev-auroraSubnetGroup"
            }
          },
          "sensitive_attributes": [],
          "private": "bnVsbA==",
          "dependencies": [
            "module.casetsudy_vpc.aws_subnet.DatabaseSubnet1",
            "module.casetsudy_vpc.aws_subnet.DatabaseSubnet2",
            "module.casetsudy_vpc.aws_vpc.CaseStudyVPC",
            "module.casetsudy_vpc.data.aws_availability_zones.available-AZs"
          ],
          "create_before_destroy": true
        }
      ]
    },
    {
      "module": "module.casetsudy_vpc",
      "mode": "managed",
      "type": "aws_eip",
      "name": "ElasticIPAddress1",
      "provider": "provider[\"registry.terraform.io/hashicorp/aws\"]",
      "instances": [
        {
          "schema_version": 0,
          "attributes": {
            "address": null,
            "allocation_id": "eipalloc-0e8c52e825ab74989",
            "associate_with_private_ip": null,
            "association_id": "",
            "carrier_ip": "",
            "customer_owned_ip": "",
            "customer_owned_ipv4_pool": "",
            "domain": "vpc",
            "id": "eipalloc-0e8c52e825ab74989",
            "instance": "",
            "network_border_group": "us-east-1",
            "network_interface": "",
            "private_dns": null,
            "private_ip": "",
            "public_dns": "ec2-34-224-0-155.compute-1.amazonaws.com",
            "public_ip": "34.224.0.155",
            "public_ipv4_pool": "amazon",
            "tags": null,
            "tags_all": {},
            "timeouts": null,
            "vpc": true
          },
          "sensitive_attributes": [],
          "private": "eyJlMmJmYjczMC1lY2FhLTExZTYtOGY4OC0zNDM2M2JjN2M0YzAiOnsiZGVsZXRlIjoxODAwMDAwMDAwMDAsInJlYWQiOjkwMDAwMDAwMDAwMCwidXBkYXRlIjozMDAwMDAwMDAwMDB9fQ=="
        }
      ]
    },
    {
      "module": "module.casetsudy_vpc",
      "mode": "managed",
      "type": "aws_eip",
      "name": "ElasticIPAddress2",
      "provider": "provider[\"registry.terraform.io/hashicorp/aws\"]",
      "instances": [
        {
          "schema_version": 0,
          "attributes": {
            "address": null,
            "allocation_id": "eipalloc-027ee2c4bfee16550",
            "associate_with_private_ip": null,
            "association_id": "",
            "carrier_ip": "",
            "customer_owned_ip": "",
            "customer_owned_ipv4_pool": "",
            "domain": "vpc",
            "id": "eipalloc-027ee2c4bfee16550",
            "instance": "",
            "network_border_group": "us-east-1",
            "network_interface": "",
            "private_dns": null,
            "private_ip": "",
            "public_dns": "ec2-52-23-115-221.compute-1.amazonaws.com",
            "public_ip": "52.23.115.221",
            "public_ipv4_pool": "amazon",
            "tags": null,
            "tags_all": {},
            "timeouts": null,
            "vpc": true
          },
          "sensitive_attributes": [],
          "private": "eyJlMmJmYjczMC1lY2FhLTExZTYtOGY4OC0zNDM2M2JjN2M0YzAiOnsiZGVsZXRlIjoxODAwMDAwMDAwMDAsInJlYWQiOjkwMDAwMDAwMDAwMCwidXBkYXRlIjozMDAwMDAwMDAwMDB9fQ=="
        }
      ]
    },
    {
      "module": "module.casetsudy_vpc",
      "mode": "managed",
      "type": "aws_elasticache_subnet_group",
      "name": "ElasticacheSubnetGroup",
      "provider": "provider[\"registry.terraform.io/hashicorp/aws\"]",
      "instances": [
        {
          "schema_version": 0,
          "attributes": {
            "arn": "arn:aws:elasticache:us-east-1:165261241687:subnetgroup:dev-elasticachesubnetgroup",
            "description": "This Elasticache subnet group selects the same subnets as is used for the Aurora DB in task 2",
            "id": "dev-elasticachesubnetgroup",
            "name": "dev-elasticachesubnetgroup",
            "subnet_ids": [
              "subnet-010b39a03b012759b",
              "subnet-0b985b9cf17944477"
            ],
            "tags": {
              "Name": "dev-ElasticacheSubnetGroup"
            },
            "tags_all": {
              "Name": "dev-ElasticacheSubnetGroup"
            }
          },
          "sensitive_attributes": [],
          "private": "bnVsbA==",
          "dependencies": [
            "module.casetsudy_vpc.aws_subnet.AppSubnet1",
            "module.casetsudy_vpc.aws_subnet.AppSubnet2",
            "module.casetsudy_vpc.aws_vpc.CaseStudyVPC",
            "module.casetsudy_vpc.data.aws_availability_zones.available-AZs"
          ]
        }
      ]
    },
    {
      "module": "module.casetsudy_vpc",
      "mode": "managed",
      "type": "aws_internet_gateway",
      "name": "IGW-Casestudy",
      "provider": "provider[\"registry.terraform.io/hashicorp/aws\"]",
      "instances": [
        {
          "schema_version": 0,
          "attributes": {
            "arn": "arn:aws:ec2:us-east-1:165261241687:internet-gateway/igw-0e2c0ec8591c1c312",
            "id": "igw-0e2c0ec8591c1c312",
            "owner_id": "165261241687",
            "tags": {
              "Name": "dev-IGW-Casestudy"
            },
            "tags_all": {
              "Name": "dev-IGW-Casestudy"
            },
            "vpc_id": "vpc-0190904dec2aa5a66"
          },
          "sensitive_attributes": [],
          "private": "bnVsbA==",
          "dependencies": [
            "module.casetsudy_vpc.aws_vpc.CaseStudyVPC"
          ]
        }
      ]
    },
    {
      "module": "module.casetsudy_vpc",
      "mode": "managed",
      "type": "aws_nat_gateway",
      "name": "NATGateway1",
      "provider": "provider[\"registry.terraform.io/hashicorp/aws\"]",
      "instances": [
        {
          "schema_version": 0,
          "attributes": {
            "allocation_id": "eipalloc-0e8c52e825ab74989",
            "connectivity_type": "public",
            "id": "nat-0cc3b2feb9473bc1a",
            "network_interface_id": "eni-0ee1ddd417aea3a65",
            "private_ip": "10.0.0.232",
            "public_ip": "34.224.0.155",
            "subnet_id": "subnet-0d11eac69682d008c",
            "tags": {
              "Name": "dev-NATGateway1"
            },
            "tags_all": {
              "Name": "dev-NATGateway1"
            }
          },
          "sensitive_attributes": [],
          "private": "bnVsbA==",
          "dependencies": [
            "module.casetsudy_vpc.aws_eip.ElasticIPAddress1",
            "module.casetsudy_vpc.aws_subnet.PublicSubnet1",
            "module.casetsudy_vpc.aws_vpc.CaseStudyVPC",
            "module.casetsudy_vpc.data.aws_availability_zones.available-AZs"
          ]
        }
      ]
    },
    {
      "module": "module.casetsudy_vpc",
      "mode": "managed",
      "type": "aws_nat_gateway",
      "name": "NATGateway2",
      "provider": "provider[\"registry.terraform.io/hashicorp/aws\"]",
      "instances": [
        {
          "schema_version": 0,
          "attributes": {
            "allocation_id": "eipalloc-027ee2c4bfee16550",
            "connectivity_type": "public",
            "id": "nat-089fe1aadf0e10600",
            "network_interface_id": "eni-05c06a33439ed0b3f",
            "private_ip": "10.0.1.59",
            "public_ip": "52.23.115.221",
            "subnet_id": "subnet-0aac78c20a0416d3d",
            "tags": {
              "Name": "dev-NATGateway2"
            },
            "tags_all": {
              "Name": "dev-NATGateway2"
            }
          },
          "sensitive_attributes": [],
          "private": "bnVsbA==",
          "dependencies": [
            "module.casetsudy_vpc.aws_eip.ElasticIPAddress2",
            "module.casetsudy_vpc.aws_subnet.PublicSubnet2",
            "module.casetsudy_vpc.aws_vpc.CaseStudyVPC",
            "module.casetsudy_vpc.data.aws_availability_zones.available-AZs"
          ]
        }
      ]
    },
    {
      "module": "module.casetsudy_vpc",
      "mode": "managed",
      "type": "aws_route_table",
      "name": "PrivateRouteTableAZ1",
      "provider": "provider[\"registry.terraform.io/hashicorp/aws\"]",
      "instances": [
        {
          "schema_version": 0,
          "attributes": {
            "arn": "arn:aws:ec2:us-east-1:165261241687:route-table/rtb-0e1c5612e893aa1c1",
            "id": "rtb-0e1c5612e893aa1c1",
            "owner_id": "165261241687",
            "propagating_vgws": [],
            "route": [
              {
                "carrier_gateway_id": "",
                "cidr_block": "0.0.0.0/0",
                "destination_prefix_list_id": "",
                "egress_only_gateway_id": "",
                "gateway_id": "",
                "instance_id": "",
                "ipv6_cidr_block": "",
                "local_gateway_id": "",
                "nat_gateway_id": "nat-0cc3b2feb9473bc1a",
                "network_interface_id": "",
                "transit_gateway_id": "",
                "vpc_endpoint_id": "",
                "vpc_peering_connection_id": ""
              }
            ],
            "tags": {
              "Name": "dev-PrivateRouteTableAZ1"
            },
            "tags_all": {
              "Name": "dev-PrivateRouteTableAZ1"
            },
            "timeouts": null,
            "vpc_id": "vpc-0190904dec2aa5a66"
          },
          "sensitive_attributes": [],
          "private": "eyJlMmJmYjczMC1lY2FhLTExZTYtOGY4OC0zNDM2M2JjN2M0YzAiOnsiY3JlYXRlIjozMDAwMDAwMDAwMDAsImRlbGV0ZSI6MzAwMDAwMDAwMDAwLCJ1cGRhdGUiOjEyMDAwMDAwMDAwMH19",
          "dependencies": [
            "module.casetsudy_vpc.aws_eip.ElasticIPAddress1",
            "module.casetsudy_vpc.aws_nat_gateway.NATGateway1",
            "module.casetsudy_vpc.aws_subnet.PublicSubnet1",
            "module.casetsudy_vpc.aws_vpc.CaseStudyVPC",
            "module.casetsudy_vpc.data.aws_availability_zones.available-AZs"
          ]
        }
      ]
    },
    {
      "module": "module.casetsudy_vpc",
      "mode": "managed",
      "type": "aws_route_table",
      "name": "PrivateRouteTableAZ2",
      "provider": "provider[\"registry.terraform.io/hashicorp/aws\"]",
      "instances": [
        {
          "schema_version": 0,
          "attributes": {
            "arn": "arn:aws:ec2:us-east-1:165261241687:route-table/rtb-0c505c2ef41538cd3",
            "id": "rtb-0c505c2ef41538cd3",
            "owner_id": "165261241687",
            "propagating_vgws": [],
            "route": [
              {
                "carrier_gateway_id": "",
                "cidr_block": "0.0.0.0/0",
                "destination_prefix_list_id": "",
                "egress_only_gateway_id": "",
                "gateway_id": "",
                "instance_id": "",
                "ipv6_cidr_block": "",
                "local_gateway_id": "",
                "nat_gateway_id": "nat-089fe1aadf0e10600",
                "network_interface_id": "",
                "transit_gateway_id": "",
                "vpc_endpoint_id": "",
                "vpc_peering_connection_id": ""
              }
            ],
            "tags": {
              "Name": "dev-PrivateRouteTableAZ2"
            },
            "tags_all": {
              "Name": "dev-PrivateRouteTableAZ2"
            },
            "timeouts": null,
            "vpc_id": "vpc-0190904dec2aa5a66"
          },
          "sensitive_attributes": [],
          "private": "eyJlMmJmYjczMC1lY2FhLTExZTYtOGY4OC0zNDM2M2JjN2M0YzAiOnsiY3JlYXRlIjozMDAwMDAwMDAwMDAsImRlbGV0ZSI6MzAwMDAwMDAwMDAwLCJ1cGRhdGUiOjEyMDAwMDAwMDAwMH19",
          "dependencies": [
            "module.casetsudy_vpc.aws_eip.ElasticIPAddress2",
            "module.casetsudy_vpc.aws_nat_gateway.NATGateway2",
            "module.casetsudy_vpc.aws_subnet.PublicSubnet2",
            "module.casetsudy_vpc.aws_vpc.CaseStudyVPC",
            "module.casetsudy_vpc.data.aws_availability_zones.available-AZs"
          ]
        }
      ]
    },
    {
      "module": "module.casetsudy_vpc",
      "mode": "managed",
      "type": "aws_route_table",
      "name": "PublicRouteTable",
      "provider": "provider[\"registry.terraform.io/hashicorp/aws\"]",
      "instances": [
        {
          "schema_version": 0,
          "attributes": {
            "arn": "arn:aws:ec2:us-east-1:165261241687:route-table/rtb-0a5f0d2cfcd198428",
            "id": "rtb-0a5f0d2cfcd198428",
            "owner_id": "165261241687",
            "propagating_vgws": [],
            "route": [
              {
                "carrier_gateway_id": "",
                "cidr_block": "0.0.0.0/0",
                "destination_prefix_list_id": "",
                "egress_only_gateway_id": "",
                "gateway_id": "igw-0e2c0ec8591c1c312",
                "instance_id": "",
                "ipv6_cidr_block": "",
                "local_gateway_id": "",
                "nat_gateway_id": "",
                "network_interface_id": "",
                "transit_gateway_id": "",
                "vpc_endpoint_id": "",
                "vpc_peering_connection_id": ""
              }
            ],
            "tags": {
              "Name": "dev-PublicRouteTable"
            },
            "tags_all": {
              "Name": "dev-PublicRouteTable"
            },
            "timeouts": null,
            "vpc_id": "vpc-0190904dec2aa5a66"
          },
          "sensitive_attributes": [],
          "private": "eyJlMmJmYjczMC1lY2FhLTExZTYtOGY4OC0zNDM2M2JjN2M0YzAiOnsiY3JlYXRlIjozMDAwMDAwMDAwMDAsImRlbGV0ZSI6MzAwMDAwMDAwMDAwLCJ1cGRhdGUiOjEyMDAwMDAwMDAwMH19",
          "dependencies": [
            "module.casetsudy_vpc.aws_internet_gateway.IGW-Casestudy",
            "module.casetsudy_vpc.aws_vpc.CaseStudyVPC"
          ]
        }
      ]
    },
    {
      "module": "module.casetsudy_vpc",
      "mode": "managed",
      "type": "aws_route_table_association",
      "name": "AppSubnet1RTA",
      "provider": "provider[\"registry.terraform.io/hashicorp/aws\"]",
      "instances": [
        {
          "schema_version": 0,
          "attributes": {
            "gateway_id": "",
            "id": "rtbassoc-076cf3393bad2e8a3",
            "route_table_id": "rtb-0e1c5612e893aa1c1",
            "subnet_id": "subnet-010b39a03b012759b"
          },
          "sensitive_attributes": [],
          "private": "bnVsbA==",
          "dependencies": [
            "module.casetsudy_vpc.aws_eip.ElasticIPAddress1",
            "module.casetsudy_vpc.aws_nat_gateway.NATGateway1",
            "module.casetsudy_vpc.aws_route_table.PrivateRouteTableAZ1",
            "module.casetsudy_vpc.aws_subnet.AppSubnet1",
            "module.casetsudy_vpc.aws_subnet.PublicSubnet1",
            "module.casetsudy_vpc.aws_vpc.CaseStudyVPC",
            "module.casetsudy_vpc.data.aws_availability_zones.available-AZs"
          ]
        }
      ]
    },
    {
      "module": "module.casetsudy_vpc",
      "mode": "managed",
      "type": "aws_route_table_association",
      "name": "AppSubnet2RTA",
      "provider": "provider[\"registry.terraform.io/hashicorp/aws\"]",
      "instances": [
        {
          "schema_version": 0,
          "attributes": {
            "gateway_id": "",
            "id": "rtbassoc-0d6682118062d7f2c",
            "route_table_id": "rtb-0c505c2ef41538cd3",
            "subnet_id": "subnet-0b985b9cf17944477"
          },
          "sensitive_attributes": [],
          "private": "bnVsbA==",
          "dependencies": [
            "module.casetsudy_vpc.aws_eip.ElasticIPAddress2",
            "module.casetsudy_vpc.aws_nat_gateway.NATGateway2",
            "module.casetsudy_vpc.aws_route_table.PrivateRouteTableAZ2",
            "module.casetsudy_vpc.aws_subnet.AppSubnet2",
            "module.casetsudy_vpc.aws_subnet.PublicSubnet2",
            "module.casetsudy_vpc.aws_vpc.CaseStudyVPC",
            "module.casetsudy_vpc.data.aws_availability_zones.available-AZs"
          ]
        }
      ]
    },
    {
      "module": "module.casetsudy_vpc",
      "mode": "managed",
      "type": "aws_route_table_association",
      "name": "DatabaseSubnet1RTA",
      "provider": "provider[\"registry.terraform.io/hashicorp/aws\"]",
      "instances": [
        {
          "schema_version": 0,
          "attributes": {
            "gateway_id": "",
            "id": "rtbassoc-0106d60b376654d98",
            "route_table_id": "rtb-0e1c5612e893aa1c1",
            "subnet_id": "subnet-005918e60efa35f2b"
          },
          "sensitive_attributes": [],
          "private": "bnVsbA==",
          "dependencies": [
            "module.casetsudy_vpc.aws_eip.ElasticIPAddress1",
            "module.casetsudy_vpc.aws_nat_gateway.NATGateway1",
            "module.casetsudy_vpc.aws_route_table.PrivateRouteTableAZ1",
            "module.casetsudy_vpc.aws_subnet.DatabaseSubnet1",
            "module.casetsudy_vpc.aws_subnet.PublicSubnet1",
            "module.casetsudy_vpc.aws_vpc.CaseStudyVPC",
            "module.casetsudy_vpc.data.aws_availability_zones.available-AZs"
          ]
        }
      ]
    },
    {
      "module": "module.casetsudy_vpc",
      "mode": "managed",
      "type": "aws_route_table_association",
      "name": "DatabaseSubnet2RTA",
      "provider": "provider[\"registry.terraform.io/hashicorp/aws\"]",
      "instances": [
        {
          "schema_version": 0,
          "attributes": {
            "gateway_id": "",
            "id": "rtbassoc-0d89aaae5fe6d1731",
            "route_table_id": "rtb-0c505c2ef41538cd3",
            "subnet_id": "subnet-033c83569ac7b7d46"
          },
          "sensitive_attributes": [],
          "private": "bnVsbA==",
          "dependencies": [
            "module.casetsudy_vpc.aws_eip.ElasticIPAddress2",
            "module.casetsudy_vpc.aws_nat_gateway.NATGateway2",
            "module.casetsudy_vpc.aws_route_table.PrivateRouteTableAZ2",
            "module.casetsudy_vpc.aws_subnet.DatabaseSubnet2",
            "module.casetsudy_vpc.aws_subnet.PublicSubnet2",
            "module.casetsudy_vpc.aws_vpc.CaseStudyVPC",
            "module.casetsudy_vpc.data.aws_availability_zones.available-AZs"
          ]
        }
      ]
    },
    {
      "module": "module.casetsudy_vpc",
      "mode": "managed",
      "type": "aws_route_table_association",
      "name": "PublicSubnet1RTA",
      "provider": "provider[\"registry.terraform.io/hashicorp/aws\"]",
      "instances": [
        {
          "schema_version": 0,
          "attributes": {
            "gateway_id": "",
            "id": "rtbassoc-09f31a5d6de28866c",
            "route_table_id": "rtb-0a5f0d2cfcd198428",
            "subnet_id": "subnet-0d11eac69682d008c"
          },
          "sensitive_attributes": [],
          "private": "bnVsbA==",
          "dependencies": [
            "module.casetsudy_vpc.aws_internet_gateway.IGW-Casestudy",
            "module.casetsudy_vpc.aws_route_table.PublicRouteTable",
            "module.casetsudy_vpc.aws_subnet.PublicSubnet1",
            "module.casetsudy_vpc.aws_vpc.CaseStudyVPC",
            "module.casetsudy_vpc.data.aws_availability_zones.available-AZs"
          ]
        }
      ]
    },
    {
      "module": "module.casetsudy_vpc",
      "mode": "managed",
      "type": "aws_route_table_association",
      "name": "PublicSubnet2RTA",
      "provider": "provider[\"registry.terraform.io/hashicorp/aws\"]",
      "instances": [
        {
          "schema_version": 0,
          "attributes": {
            "gateway_id": "",
            "id": "rtbassoc-0d1903afe9d260b2d",
            "route_table_id": "rtb-0a5f0d2cfcd198428",
            "subnet_id": "subnet-0aac78c20a0416d3d"
          },
          "sensitive_attributes": [],
          "private": "bnVsbA==",
          "dependencies": [
            "module.casetsudy_vpc.aws_internet_gateway.IGW-Casestudy",
            "module.casetsudy_vpc.aws_route_table.PublicRouteTable",
            "module.casetsudy_vpc.aws_subnet.PublicSubnet2",
            "module.casetsudy_vpc.aws_vpc.CaseStudyVPC",
            "module.casetsudy_vpc.data.aws_availability_zones.available-AZs"
          ]
        }
      ]
    },
    {
      "module": "module.casetsudy_vpc",
      "mode": "managed",
      "type": "aws_security_group",
      "name": "AppInstanceSecurityGroup",
      "provider": "provider[\"registry.terraform.io/hashicorp/aws\"]",
      "instances": [
        {
          "schema_version": 1,
          "attributes": {
            "arn": "arn:aws:ec2:us-east-1:165261241687:security-group/sg-0f4fa9e66eb1d3f85",
            "description": "Security Group allowing HTTP traffic for lab instances",
            "egress": [
              {
                "cidr_blocks": [
                  "0.0.0.0/0"
                ],
                "description": "",
                "from_port": 0,
                "ipv6_cidr_blocks": [
                  "::/0"
                ],
                "prefix_list_ids": [],
                "protocol": "-1",
                "security_groups": [],
                "self": false,
                "to_port": 0
              }
            ],
            "id": "sg-0f4fa9e66eb1d3f85",
            "ingress": [
              {
                "cidr_blocks": [
                  "0.0.0.0/0"
                ],
                "description": "",
                "from_port": 80,
                "ipv6_cidr_blocks": [],
                "prefix_list_ids": [],
                "protocol": "tcp",
                "security_groups": [],
                "self": false,
                "to_port": 80
              },
              {
                "cidr_blocks": [],
                "description": "",
                "from_port": 80,
                "ipv6_cidr_blocks": [],
                "prefix_list_ids": [],
                "protocol": "tcp",
                "security_groups": [
                  "sg-0d524e0c8f023fbc1"
                ],
                "self": false,
                "to_port": 80
              }
            ],
            "name": "dev-AppInstanceSecurityGroup",
            "name_prefix": "",
            "owner_id": "165261241687",
            "revoke_rules_on_delete": false,
            "tags": {
              "Name": "dev-AppInstanceSecurityGroup"
            },
            "tags_all": {
              "Name": "dev-AppInstanceSecurityGroup"
            },
            "timeouts": null,
            "vpc_id": "vpc-0190904dec2aa5a66"
          },
          "sensitive_attributes": [],
          "private": "eyJlMmJmYjczMC1lY2FhLTExZTYtOGY4OC0zNDM2M2JjN2M0YzAiOnsiY3JlYXRlIjo2MDAwMDAwMDAwMDAsImRlbGV0ZSI6OTAwMDAwMDAwMDAwfSwic2NoZW1hX3ZlcnNpb24iOiIxIn0=",
          "dependencies": [
            "module.casestudy_compute.aws_security_group.alb",
            "module.casetsudy_vpc.aws_vpc.CaseStudyVPC"
          ],
          "create_before_destroy": true
        }
      ]
    },
    {
      "module": "module.casetsudy_vpc",
      "mode": "managed",
      "type": "aws_security_group",
      "name": "EFSMountTargetSecurityGroup",
      "provider": "provider[\"registry.terraform.io/hashicorp/aws\"]",
      "instances": [
        {
          "schema_version": 1,
          "attributes": {
            "arn": "arn:aws:ec2:us-east-1:165261241687:security-group/sg-0a09e04817e377184",
            "description": "Security Group allowing traffic between EFS Mount Targets and Amazon EC2 instances",
            "egress": [
              {
                "cidr_blocks": [
                  "0.0.0.0/0"
                ],
                "description": "",
                "from_port": 0,
                "ipv6_cidr_blocks": [
                  "::/0"
                ],
                "prefix_list_ids": [],
                "protocol": "-1",
                "security_groups": [],
                "self": false,
                "to_port": 0
              }
            ],
            "id": "sg-0a09e04817e377184",
            "ingress": [
              {
                "cidr_blocks": [
                  "0.0.0.0/0"
                ],
                "description": "",
                "from_port": 2049,
                "ipv6_cidr_blocks": [],
                "prefix_list_ids": [],
                "protocol": "tcp",
                "security_groups": [],
                "self": false,
                "to_port": 2049
              },
              {
                "cidr_blocks": [],
                "description": "",
                "from_port": 80,
                "ipv6_cidr_blocks": [],
                "prefix_list_ids": [],
                "protocol": "tcp",
                "security_groups": [
                  "sg-0f4fa9e66eb1d3f85"
                ],
                "self": false,
                "to_port": 80
              }
            ],
            "name": "dev-EFSMountTargetSecurityGroup",
            "name_prefix": "",
            "owner_id": "165261241687",
            "revoke_rules_on_delete": false,
            "tags": {
              "Name": "dev-EFSMountTargetSecurityGroup"
            },
            "tags_all": {
              "Name": "dev-EFSMountTargetSecurityGroup"
            },
            "timeouts": null,
            "vpc_id": "vpc-0190904dec2aa5a66"
          },
          "sensitive_attributes": [],
          "private": "eyJlMmJmYjczMC1lY2FhLTExZTYtOGY4OC0zNDM2M2JjN2M0YzAiOnsiY3JlYXRlIjo2MDAwMDAwMDAwMDAsImRlbGV0ZSI6OTAwMDAwMDAwMDAwfSwic2NoZW1hX3ZlcnNpb24iOiIxIn0=",
          "dependencies": [
            "module.casestudy_compute.aws_security_group.alb",
            "module.casetsudy_vpc.aws_security_group.AppInstanceSecurityGroup",
            "module.casetsudy_vpc.aws_vpc.CaseStudyVPC"
          ]
        }
      ]
    },
    {
      "module": "module.casetsudy_vpc",
      "mode": "managed",
      "type": "aws_security_group",
      "name": "ElastiCacheSecurityGroup",
      "provider": "provider[\"registry.terraform.io/hashicorp/aws\"]",
      "instances": [
        {
          "schema_version": 1,
          "attributes": {
            "arn": "arn:aws:ec2:us-east-1:165261241687:security-group/sg-0410612c6cfafb32d",
            "description": "Security Group allowing ElastiCache to have internet traffic",
            "egress": [
              {
                "cidr_blocks": [
                  "0.0.0.0/0"
                ],
                "description": "",
                "from_port": 0,
                "ipv6_cidr_blocks": [
                  "::/0"
                ],
                "prefix_list_ids": [],
                "protocol": "-1",
                "security_groups": [],
                "self": false,
                "to_port": 0
              }
            ],
            "id": "sg-0410612c6cfafb32d",
            "ingress": [
              {
                "cidr_blocks": [
                  "0.0.0.0/0"
                ],
                "description": "",
                "from_port": 11211,
                "ipv6_cidr_blocks": [],
                "prefix_list_ids": [],
                "protocol": "tcp",
                "security_groups": [],
                "self": false,
                "to_port": 11211
              }
            ],
            "name": "dev-ElastiCacheSecurityGroup",
            "name_prefix": "",
            "owner_id": "165261241687",
            "revoke_rules_on_delete": false,
            "tags": {
              "Name": "dev-ElastiCacheSecurityGroup"
            },
            "tags_all": {
              "Name": "dev-ElastiCacheSecurityGroup"
            },
            "timeouts": null,
            "vpc_id": "vpc-0190904dec2aa5a66"
          },
          "sensitive_attributes": [],
          "private": "eyJlMmJmYjczMC1lY2FhLTExZTYtOGY4OC0zNDM2M2JjN2M0YzAiOnsiY3JlYXRlIjo2MDAwMDAwMDAwMDAsImRlbGV0ZSI6OTAwMDAwMDAwMDAwfSwic2NoZW1hX3ZlcnNpb24iOiIxIn0=",
          "dependencies": [
            "module.casetsudy_vpc.aws_vpc.CaseStudyVPC"
          ]
        }
      ]
    },
    {
      "module": "module.casetsudy_vpc",
      "mode": "managed",
      "type": "aws_security_group",
      "name": "RDSSecurityGroup",
      "provider": "provider[\"registry.terraform.io/hashicorp/aws\"]",
      "instances": [
        {
          "schema_version": 1,
          "attributes": {
            "arn": "arn:aws:ec2:us-east-1:165261241687:security-group/sg-0d198bc23f05d37e1",
            "description": "Security Group allowing RDS instances to have internet traffic",
            "egress": [
              {
                "cidr_blocks": [
                  "0.0.0.0/0"
                ],
                "description": "",
                "from_port": 0,
                "ipv6_cidr_blocks": [
                  "::/0"
                ],
                "prefix_list_ids": [],
                "protocol": "-1",
                "security_groups": [],
                "self": false,
                "to_port": 0
              }
            ],
            "id": "sg-0d198bc23f05d37e1",
            "ingress": [
              {
                "cidr_blocks": [
                  "0.0.0.0/0"
                ],
                "description": "",
                "from_port": 3306,
                "ipv6_cidr_blocks": [],
                "prefix_list_ids": [],
                "protocol": "tcp",
                "security_groups": [],
                "self": false,
                "to_port": 3306
              }
            ],
            "name": "dev-RDSSecurityGroup",
            "name_prefix": "",
            "owner_id": "165261241687",
            "revoke_rules_on_delete": false,
            "tags": {
              "Name": "dev-RDSSecurityGroup"
            },
            "tags_all": {
              "Name": "dev-RDSSecurityGroup"
            },
            "timeouts": null,
            "vpc_id": "vpc-0190904dec2aa5a66"
          },
          "sensitive_attributes": [],
          "private": "eyJlMmJmYjczMC1lY2FhLTExZTYtOGY4OC0zNDM2M2JjN2M0YzAiOnsiY3JlYXRlIjo2MDAwMDAwMDAwMDAsImRlbGV0ZSI6OTAwMDAwMDAwMDAwfSwic2NoZW1hX3ZlcnNpb24iOiIxIn0=",
          "dependencies": [
            "module.casetsudy_vpc.aws_vpc.CaseStudyVPC"
          ],
          "create_before_destroy": true
        }
      ]
    },
    {
      "module": "module.casetsudy_vpc",
      "mode": "managed",
      "type": "aws_subnet",
      "name": "AppSubnet1",
      "provider": "provider[\"registry.terraform.io/hashicorp/aws\"]",
      "instances": [
        {
          "schema_version": 1,
          "attributes": {
            "arn": "arn:aws:ec2:us-east-1:165261241687:subnet/subnet-010b39a03b012759b",
            "assign_ipv6_address_on_creation": false,
            "availability_zone": "us-east-1a",
            "availability_zone_id": "use1-az6",
            "cidr_block": "10.0.2.0/24",
            "customer_owned_ipv4_pool": "",
            "enable_dns64": false,
            "enable_resource_name_dns_a_record_on_launch": false,
            "enable_resource_name_dns_aaaa_record_on_launch": false,
            "id": "subnet-010b39a03b012759b",
            "ipv6_cidr_block": "",
            "ipv6_cidr_block_association_id": "",
            "ipv6_native": false,
            "map_customer_owned_ip_on_launch": false,
            "map_public_ip_on_launch": false,
            "outpost_arn": "",
            "owner_id": "165261241687",
            "private_dns_hostname_type_on_launch": "ip-name",
            "tags": {
              "Name": "dev-AppSubnet1"
            },
            "tags_all": {
              "Name": "dev-AppSubnet1"
            },
            "timeouts": null,
            "vpc_id": "vpc-0190904dec2aa5a66"
          },
          "sensitive_attributes": [],
          "private": "eyJlMmJmYjczMC1lY2FhLTExZTYtOGY4OC0zNDM2M2JjN2M0YzAiOnsiY3JlYXRlIjo2MDAwMDAwMDAwMDAsImRlbGV0ZSI6MTIwMDAwMDAwMDAwMH0sInNjaGVtYV92ZXJzaW9uIjoiMSJ9",
          "dependencies": [
            "module.casetsudy_vpc.aws_vpc.CaseStudyVPC",
            "module.casetsudy_vpc.data.aws_availability_zones.available-AZs"
          ],
          "create_before_destroy": true
        }
      ]
    },
    {
      "module": "module.casetsudy_vpc",
      "mode": "managed",
      "type": "aws_subnet",
      "name": "AppSubnet2",
      "provider": "provider[\"registry.terraform.io/hashicorp/aws\"]",
      "instances": [
        {
          "schema_version": 1,
          "attributes": {
            "arn": "arn:aws:ec2:us-east-1:165261241687:subnet/subnet-0b985b9cf17944477",
            "assign_ipv6_address_on_creation": false,
            "availability_zone": "us-east-1b",
            "availability_zone_id": "use1-az1",
            "cidr_block": "10.0.3.0/24",
            "customer_owned_ipv4_pool": "",
            "enable_dns64": false,
            "enable_resource_name_dns_a_record_on_launch": false,
            "enable_resource_name_dns_aaaa_record_on_launch": false,
            "id": "subnet-0b985b9cf17944477",
            "ipv6_cidr_block": "",
            "ipv6_cidr_block_association_id": "",
            "ipv6_native": false,
            "map_customer_owned_ip_on_launch": false,
            "map_public_ip_on_launch": false,
            "outpost_arn": "",
            "owner_id": "165261241687",
            "private_dns_hostname_type_on_launch": "ip-name",
            "tags": {
              "Name": "dev-AppSubnet2"
            },
            "tags_all": {
              "Name": "dev-AppSubnet2"
            },
            "timeouts": null,
            "vpc_id": "vpc-0190904dec2aa5a66"
          },
          "sensitive_attributes": [],
          "private": "eyJlMmJmYjczMC1lY2FhLTExZTYtOGY4OC0zNDM2M2JjN2M0YzAiOnsiY3JlYXRlIjo2MDAwMDAwMDAwMDAsImRlbGV0ZSI6MTIwMDAwMDAwMDAwMH0sInNjaGVtYV92ZXJzaW9uIjoiMSJ9",
          "dependencies": [
            "module.casetsudy_vpc.aws_vpc.CaseStudyVPC",
            "module.casetsudy_vpc.data.aws_availability_zones.available-AZs"
          ],
          "create_before_destroy": true
        }
      ]
    },
    {
      "module": "module.casetsudy_vpc",
      "mode": "managed",
      "type": "aws_subnet",
      "name": "DatabaseSubnet1",
      "provider": "provider[\"registry.terraform.io/hashicorp/aws\"]",
      "instances": [
        {
          "schema_version": 1,
          "attributes": {
            "arn": "arn:aws:ec2:us-east-1:165261241687:subnet/subnet-005918e60efa35f2b",
            "assign_ipv6_address_on_creation": false,
            "availability_zone": "us-east-1a",
            "availability_zone_id": "use1-az6",
            "cidr_block": "10.0.4.0/24",
            "customer_owned_ipv4_pool": "",
            "enable_dns64": false,
            "enable_resource_name_dns_a_record_on_launch": false,
            "enable_resource_name_dns_aaaa_record_on_launch": false,
            "id": "subnet-005918e60efa35f2b",
            "ipv6_cidr_block": "",
            "ipv6_cidr_block_association_id": "",
            "ipv6_native": false,
            "map_customer_owned_ip_on_launch": false,
            "map_public_ip_on_launch": false,
            "outpost_arn": "",
            "owner_id": "165261241687",
            "private_dns_hostname_type_on_launch": "ip-name",
            "tags": {
              "Name": "dev-DatabaseSubnet1"
            },
            "tags_all": {
              "Name": "dev-DatabaseSubnet1"
            },
            "timeouts": null,
            "vpc_id": "vpc-0190904dec2aa5a66"
          },
          "sensitive_attributes": [],
          "private": "eyJlMmJmYjczMC1lY2FhLTExZTYtOGY4OC0zNDM2M2JjN2M0YzAiOnsiY3JlYXRlIjo2MDAwMDAwMDAwMDAsImRlbGV0ZSI6MTIwMDAwMDAwMDAwMH0sInNjaGVtYV92ZXJzaW9uIjoiMSJ9",
          "dependencies": [
            "module.casetsudy_vpc.aws_vpc.CaseStudyVPC",
            "module.casetsudy_vpc.data.aws_availability_zones.available-AZs"
          ],
          "create_before_destroy": true
        }
      ]
    },
    {
      "module": "module.casetsudy_vpc",
      "mode": "managed",
      "type": "aws_subnet",
      "name": "DatabaseSubnet2",
      "provider": "provider[\"registry.terraform.io/hashicorp/aws\"]",
      "instances": [
        {
          "schema_version": 1,
          "attributes": {
            "arn": "arn:aws:ec2:us-east-1:165261241687:subnet/subnet-033c83569ac7b7d46",
            "assign_ipv6_address_on_creation": false,
            "availability_zone": "us-east-1b",
            "availability_zone_id": "use1-az1",
            "cidr_block": "10.0.5.0/24",
            "customer_owned_ipv4_pool": "",
            "enable_dns64": false,
            "enable_resource_name_dns_a_record_on_launch": false,
            "enable_resource_name_dns_aaaa_record_on_launch": false,
            "id": "subnet-033c83569ac7b7d46",
            "ipv6_cidr_block": "",
            "ipv6_cidr_block_association_id": "",
            "ipv6_native": false,
            "map_customer_owned_ip_on_launch": false,
            "map_public_ip_on_launch": false,
            "outpost_arn": "",
            "owner_id": "165261241687",
            "private_dns_hostname_type_on_launch": "ip-name",
            "tags": {
              "Name": "dev-DatabaseSubnet2"
            },
            "tags_all": {
              "Name": "dev-DatabaseSubnet2"
            },
            "timeouts": null,
            "vpc_id": "vpc-0190904dec2aa5a66"
          },
          "sensitive_attributes": [],
          "private": "eyJlMmJmYjczMC1lY2FhLTExZTYtOGY4OC0zNDM2M2JjN2M0YzAiOnsiY3JlYXRlIjo2MDAwMDAwMDAwMDAsImRlbGV0ZSI6MTIwMDAwMDAwMDAwMH0sInNjaGVtYV92ZXJzaW9uIjoiMSJ9",
          "dependencies": [
            "module.casetsudy_vpc.aws_vpc.CaseStudyVPC",
            "module.casetsudy_vpc.data.aws_availability_zones.available-AZs"
          ],
          "create_before_destroy": true
        }
      ]
    },
    {
      "module": "module.casetsudy_vpc",
      "mode": "managed",
      "type": "aws_subnet",
      "name": "PublicSubnet1",
      "provider": "provider[\"registry.terraform.io/hashicorp/aws\"]",
      "instances": [
        {
          "schema_version": 1,
          "attributes": {
            "arn": "arn:aws:ec2:us-east-1:165261241687:subnet/subnet-0d11eac69682d008c",
            "assign_ipv6_address_on_creation": false,
            "availability_zone": "us-east-1a",
            "availability_zone_id": "use1-az6",
            "cidr_block": "10.0.0.0/24",
            "customer_owned_ipv4_pool": "",
            "enable_dns64": false,
            "enable_resource_name_dns_a_record_on_launch": false,
            "enable_resource_name_dns_aaaa_record_on_launch": false,
            "id": "subnet-0d11eac69682d008c",
            "ipv6_cidr_block": "",
            "ipv6_cidr_block_association_id": "",
            "ipv6_native": false,
            "map_customer_owned_ip_on_launch": false,
            "map_public_ip_on_launch": false,
            "outpost_arn": "",
            "owner_id": "165261241687",
            "private_dns_hostname_type_on_launch": "ip-name",
            "tags": {
              "Name": "dev-PublicSubnet1"
            },
            "tags_all": {
              "Name": "dev-PublicSubnet1"
            },
            "timeouts": null,
            "vpc_id": "vpc-0190904dec2aa5a66"
          },
          "sensitive_attributes": [],
          "private": "eyJlMmJmYjczMC1lY2FhLTExZTYtOGY4OC0zNDM2M2JjN2M0YzAiOnsiY3JlYXRlIjo2MDAwMDAwMDAwMDAsImRlbGV0ZSI6MTIwMDAwMDAwMDAwMH0sInNjaGVtYV92ZXJzaW9uIjoiMSJ9",
          "dependencies": [
            "module.casetsudy_vpc.aws_vpc.CaseStudyVPC",
            "module.casetsudy_vpc.data.aws_availability_zones.available-AZs"
          ],
          "create_before_destroy": true
        }
      ]
    },
    {
      "module": "module.casetsudy_vpc",
      "mode": "managed",
      "type": "aws_subnet",
      "name": "PublicSubnet2",
      "provider": "provider[\"registry.terraform.io/hashicorp/aws\"]",
      "instances": [
        {
          "schema_version": 1,
          "attributes": {
            "arn": "arn:aws:ec2:us-east-1:165261241687:subnet/subnet-0aac78c20a0416d3d",
            "assign_ipv6_address_on_creation": false,
            "availability_zone": "us-east-1b",
            "availability_zone_id": "use1-az1",
            "cidr_block": "10.0.1.0/24",
            "customer_owned_ipv4_pool": "",
            "enable_dns64": false,
            "enable_resource_name_dns_a_record_on_launch": false,
            "enable_resource_name_dns_aaaa_record_on_launch": false,
            "id": "subnet-0aac78c20a0416d3d",
            "ipv6_cidr_block": "",
            "ipv6_cidr_block_association_id": "",
            "ipv6_native": false,
            "map_customer_owned_ip_on_launch": false,
            "map_public_ip_on_launch": false,
            "outpost_arn": "",
            "owner_id": "165261241687",
            "private_dns_hostname_type_on_launch": "ip-name",
            "tags": {
              "Name": "dev-PublicSubnet2"
            },
            "tags_all": {
              "Name": "dev-PublicSubnet2"
            },
            "timeouts": null,
            "vpc_id": "vpc-0190904dec2aa5a66"
          },
          "sensitive_attributes": [],
          "private": "eyJlMmJmYjczMC1lY2FhLTExZTYtOGY4OC0zNDM2M2JjN2M0YzAiOnsiY3JlYXRlIjo2MDAwMDAwMDAwMDAsImRlbGV0ZSI6MTIwMDAwMDAwMDAwMH0sInNjaGVtYV92ZXJzaW9uIjoiMSJ9",
          "dependencies": [
            "module.casetsudy_vpc.aws_vpc.CaseStudyVPC",
            "module.casetsudy_vpc.data.aws_availability_zones.available-AZs"
          ],
          "create_before_destroy": true
        }
      ]
    },
    {
      "module": "module.casetsudy_vpc",
      "mode": "managed",
      "type": "aws_vpc",
      "name": "CaseStudyVPC",
      "provider": "provider[\"registry.terraform.io/hashicorp/aws\"]",
      "instances": [
        {
          "schema_version": 1,
          "attributes": {
            "arn": "arn:aws:ec2:us-east-1:165261241687:vpc/vpc-0190904dec2aa5a66",
            "assign_generated_ipv6_cidr_block": false,
            "cidr_block": "10.0.0.0/16",
            "default_network_acl_id": "acl-0e5c7e741c54b1f66",
            "default_route_table_id": "rtb-068b86d64235348fc",
            "default_security_group_id": "sg-0b2ff5cc1b8a43637",
            "dhcp_options_id": "dopt-04bacb3ea3ae53f4c",
            "enable_classiclink": false,
            "enable_classiclink_dns_support": false,
            "enable_dns_hostnames": true,
            "enable_dns_support": true,
            "id": "vpc-0190904dec2aa5a66",
            "instance_tenancy": "default",
            "ipv4_ipam_pool_id": null,
            "ipv4_netmask_length": null,
            "ipv6_association_id": "",
            "ipv6_cidr_block": "",
            "ipv6_cidr_block_network_border_group": "",
            "ipv6_ipam_pool_id": "",
            "ipv6_netmask_length": 0,
            "main_route_table_id": "rtb-068b86d64235348fc",
            "owner_id": "165261241687",
            "tags": {
              "Name": "dev-CaseStudyVPC"
            },
            "tags_all": {
              "Name": "dev-CaseStudyVPC"
            }
          },
          "sensitive_attributes": [],
          "private": "eyJzY2hlbWFfdmVyc2lvbiI6IjEifQ==",
          "create_before_destroy": true
        }
      ]
    }
  ]
}
